<?xml version="1.0" encoding="utf-8"?>
<Project ToolsVersion="4.0" xmlns="http://schemas.microsoft.com/developer/msbuild/2003">
  <ItemGroup>
    <ClInclude Include="stdafx.h" />
    <ClInclude Include="Game.h" />
    <ClInclude Include="Test\ThreadTest.h">
      <Filter>test</Filter>
    </ClInclude>
    <ClInclude Include="Test\Test.h">
      <Filter>test</Filter>
    </ClInclude>
    <ClInclude Include="Player\Player.h">
      <Filter>Player</Filter>
    </ClInclude>
    <ClInclude Include="Player\PlayerFlyingState.h">
      <Filter>Player</Filter>
    </ClInclude>
    <ClInclude Include="Player\PlayerGroundState.h">
      <Filter>Player</Filter>
    </ClInclude>
    <ClInclude Include="Player\IPlayerSstate.h">
      <Filter>Player</Filter>
    </ClInclude>
    <ClInclude Include="Enemy\IEnemy.h">
      <Filter>Enemy</Filter>
    </ClInclude>
    <ClInclude Include="Enemy\IEnemyState.h">
      <Filter>Enemy</Filter>
    </ClInclude>
    <ClInclude Include="Enemy\EnemyIdleState.h">
      <Filter>Enemy</Filter>
    </ClInclude>
    <ClInclude Include="Enemy\EnemyTest.h">
      <Filter>Enemy</Filter>
    </ClInclude>
    <ClInclude Include="Enemy\EnemyBattleState.h">
      <Filter>Enemy</Filter>
    </ClInclude>
    <ClInclude Include="Camera\GameCamera.h">
      <Filter>Camera</Filter>
    </ClInclude>
    <ClInclude Include="Level\GameStage.h">
      <Filter>Level</Filter>
    </ClInclude>
  </ItemGroup>
  <ItemGroup>
    <ClCompile Include="main.cpp" />
    <ClCompile Include="stdafx.cpp" />
    <ClCompile Include="Test\ThreadTest.cpp">
      <Filter>test</Filter>
    </ClCompile>
    <ClCompile Include="Test\Test.cpp">
      <Filter>test</Filter>
    </ClCompile>
    <ClCompile Include="Player\Player.cpp">
      <Filter>Player</Filter>
    </ClCompile>
    <ClCompile Include="Player\PlayerFlyingState.cpp">
      <Filter>Player</Filter>
    </ClCompile>
    <ClCompile Include="Player\PlayerGroundState.cpp">
      <Filter>Player</Filter>
    </ClCompile>
    <ClCompile Include="Player\IPlayerSstate.cpp">
      <Filter>Player</Filter>
    </ClCompile>
    <ClCompile Include="Game.cpp" />
    <ClCompile Include="Enemy\IEnemy.cpp">
      <Filter>Enemy</Filter>
    </ClCompile>
    <ClCompile Include="Enemy\IEnemyState.cpp">
      <Filter>Enemy</Filter>
    </ClCompile>
    <ClCompile Include="Enemy\EnemyIdleState.cpp">
      <Filter>Enemy</Filter>
    </ClCompile>
    <ClCompile Include="Enemy\EnemyTest.cpp">
      <Filter>Enemy</Filter>
    </ClCompile>
    <ClCompile Include="Enemy\EnemyBattleState.cpp">
      <Filter>Enemy</Filter>
    </ClCompile>
    <ClCompile Include="Camera\GameCamera.cpp">
      <Filter>Camera</Filter>
    </ClCompile>
    <ClCompile Include="Level\GameStage.cpp">
      <Filter>Level</Filter>
    </ClCompile>
  </ItemGroup>
  <ItemGroup>
    <Filter Include="Assets">
      <UniqueIdentifier>{ea11a769-c178-4f41-ba8b-3c26a44be6a9}</UniqueIdentifier>
    </Filter>
    <Filter Include="Assets\modelData">
      <UniqueIdentifier>{4339d04f-b4a7-48b7-bb31-83a2f4998aa2}</UniqueIdentifier>
    </Filter>
    <Filter Include="Assets\modelData\test">
      <UniqueIdentifier>{37d68044-d545-45d2-9be8-25d4417d7106}</UniqueIdentifier>
    </Filter>
    <Filter Include="test">
      <UniqueIdentifier>{01d172b2-43fa-499d-8403-68570eb66410}</UniqueIdentifier>
    </Filter>
    <Filter Include="Player">
      <UniqueIdentifier>{de703569-5717-4754-963a-655926b051ca}</UniqueIdentifier>
    </Filter>
    <Filter Include="Enemy">
      <UniqueIdentifier>{62cde16a-a71a-4a78-8f80-8f4fbfe8379f}</UniqueIdentifier>
    </Filter>
    <Filter Include="Camera">
      <UniqueIdentifier>{b917d3ea-13bd-43e9-9dc1-1c8eb96241fb}</UniqueIdentifier>
    </Filter>
    <Filter Include="Level">
      <UniqueIdentifier>{711edca2-e974-43b6-a9ce-677bcb9ad77c}</UniqueIdentifier>
    </Filter>
  </ItemGroup>
  <ItemGroup>
    <ImageContentTask Include="Assets\modelData\test\test.png">
      <Filter>Assets\modelData\test</Filter>
    </ImageContentTask>
    <ImageContentTask Include="Assets\modelData\map\HeightMap.png">
      <Filter>Assets\modelData</Filter>
    </ImageContentTask>
  </ItemGroup>
  <ItemGroup>
    <Text Include="Enemy\Zako\Ene_zako.txt" />
  </ItemGroup>
</Project>