<?xml version="1.0" encoding="utf-8"?>
<Project ToolsVersion="4.0" xmlns="http://schemas.microsoft.com/developer/msbuild/2003">
  <ItemGroup>
    <ClInclude Include="stdafx.h" />
    <ClInclude Include="Game.h" />
    <ClInclude Include="Test\ThreadTest.h">
      <Filter>test</Filter>
    </ClInclude>
    <ClInclude Include="Test\Test.h">
      <Filter>test</Filter>
    </ClInclude>
    <ClInclude Include="Player\Player.h">
      <Filter>Player</Filter>
    </ClInclude>
    <ClInclude Include="Enemy\IEnemy.h">
      <Filter>Enemy</Filter>
    </ClInclude>
    <ClInclude Include="Enemy\EnemyTest.h">
      <Filter>Enemy</Filter>
    </ClInclude>
    <ClInclude Include="Camera\GameCamera.h">
      <Filter>Camera</Filter>
    </ClInclude>
    <ClInclude Include="Level\GameStage.h">
      <Filter>Level</Filter>
    </ClInclude>
    <ClInclude Include="Enemy\Boss\BossA.h">
      <Filter>Enemy\Boss</Filter>
    </ClInclude>
    <ClInclude Include="Player\State\PlayerDiveState.h">
      <Filter>Player\State</Filter>
    </ClInclude>
    <ClInclude Include="Player\State\PlayerFlyingState.h">
      <Filter>Player\State</Filter>
    </ClInclude>
    <ClInclude Include="Player\State\PlayerGroundState.h">
      <Filter>Player\State</Filter>
    </ClInclude>
    <ClInclude Include="Player\State\IPlayerSstate.h">
      <Filter>Player\State</Filter>
    </ClInclude>
    <ClInclude Include="Player\State\PlayerAttackState.h">
      <Filter>Player\State</Filter>
    </ClInclude>
    <ClInclude Include="Player\Attack\PlayerAttackSlash.h">
      <Filter>Player\Attack</Filter>
    </ClInclude>
    <ClInclude Include="Player\Attack\IPlayerAttack.h">
      <Filter>Player\Attack</Filter>
    </ClInclude>
    <ClInclude Include="Enemy\EnemyManager.h">
      <Filter>Enemy</Filter>
    </ClInclude>
    <ClInclude Include="Player\State\PlayerDeadState.h">
      <Filter>Player\State</Filter>
    </ClInclude>
    <ClInclude Include="Enemy\State\EnemyDeadState.h">
      <Filter>Enemy\State</Filter>
    </ClInclude>
    <ClInclude Include="Enemy\State\EnemyIdleState.h">
      <Filter>Enemy\State</Filter>
    </ClInclude>
    <ClInclude Include="Enemy\State\EnemySlashState.h">
      <Filter>Enemy\State</Filter>
    </ClInclude>
    <ClInclude Include="Enemy\State\IEnemyState.h">
      <Filter>Enemy\State</Filter>
    </ClInclude>
    <ClInclude Include="Enemy\State\EnemyBattleState.h">
      <Filter>Enemy\State</Filter>
    </ClInclude>
    <ClInclude Include="GameHUD.h" />
    <ClInclude Include="Enemy\HealthBar.h">
      <Filter>Enemy</Filter>
    </ClInclude>
    <ClInclude Include="PositionChecker.h" />
    <ClInclude Include="GameManager.h" />
    <ClInclude Include="Item\IItem.h">
      <Filter>Item</Filter>
    </ClInclude>
    <ClInclude Include="Item\RedPotion.h">
      <Filter>Item</Filter>
    </ClInclude>
    <ClInclude Include="Item\ItemManager.h">
      <Filter>Item</Filter>
    </ClInclude>
    <ClInclude Include="Player\State\PlayerGuardState.h">
      <Filter>Player\State</Filter>
    </ClInclude>
    <ClInclude Include="Camera\CCameraCollisionSlover.h">
      <Filter>Camera</Filter>
    </ClInclude>
    <ClInclude Include="Camera\SpringCamera.h">
      <Filter>Camera</Filter>
    </ClInclude>
  </ItemGroup>
  <ItemGroup>
    <ClCompile Include="main.cpp" />
    <ClCompile Include="stdafx.cpp" />
    <ClCompile Include="Test\ThreadTest.cpp">
      <Filter>test</Filter>
    </ClCompile>
    <ClCompile Include="Test\Test.cpp">
      <Filter>test</Filter>
    </ClCompile>
    <ClCompile Include="Player\Player.cpp">
      <Filter>Player</Filter>
    </ClCompile>
    <ClCompile Include="Game.cpp" />
    <ClCompile Include="Enemy\IEnemy.cpp">
      <Filter>Enemy</Filter>
    </ClCompile>
    <ClCompile Include="Enemy\EnemyTest.cpp">
      <Filter>Enemy</Filter>
    </ClCompile>
    <ClCompile Include="Camera\GameCamera.cpp">
      <Filter>Camera</Filter>
    </ClCompile>
    <ClCompile Include="Level\GameStage.cpp">
      <Filter>Level</Filter>
    </ClCompile>
    <ClCompile Include="Enemy\Boss\BossA.cpp">
      <Filter>Enemy\Boss</Filter>
    </ClCompile>
    <ClCompile Include="Player\State\PlayerDiveState.cpp">
      <Filter>Player\State</Filter>
    </ClCompile>
    <ClCompile Include="Player\State\PlayerFlyingState.cpp">
      <Filter>Player\State</Filter>
    </ClCompile>
    <ClCompile Include="Player\State\PlayerGroundState.cpp">
      <Filter>Player\State</Filter>
    </ClCompile>
    <ClCompile Include="Player\State\IPlayerSstate.cpp">
      <Filter>Player\State</Filter>
    </ClCompile>
    <ClCompile Include="Player\State\PlayerAttackState.cpp">
      <Filter>Player\State</Filter>
    </ClCompile>
    <ClCompile Include="Player\Attack\IPlayerAttack.cpp">
      <Filter>Player\Attack</Filter>
    </ClCompile>
    <ClCompile Include="Player\Attack\PlayerAttackSlash.cpp">
      <Filter>Player\Attack</Filter>
    </ClCompile>
    <ClCompile Include="Enemy\EnemyManager.cpp">
      <Filter>Enemy</Filter>
    </ClCompile>
    <ClCompile Include="Player\State\PlayerDeadState.cpp">
      <Filter>Player\State</Filter>
    </ClCompile>
    <ClCompile Include="Enemy\State\EnemyIdleState.cpp">
      <Filter>Enemy\State</Filter>
    </ClCompile>
    <ClCompile Include="Enemy\State\EnemySlashState.cpp">
      <Filter>Enemy\State</Filter>
    </ClCompile>
    <ClCompile Include="Enemy\State\IEnemyState.cpp">
      <Filter>Enemy\State</Filter>
    </ClCompile>
    <ClCompile Include="Enemy\State\EnemyBattleState.cpp">
      <Filter>Enemy\State</Filter>
    </ClCompile>
    <ClCompile Include="Enemy\State\EnemyDeadState.cpp">
      <Filter>Enemy\State</Filter>
    </ClCompile>
    <ClCompile Include="GameHUD.cpp" />
    <ClCompile Include="Enemy\HealthBar.cpp">
      <Filter>Enemy</Filter>
    </ClCompile>
    <ClCompile Include="PositionChecker.cpp" />
    <ClCompile Include="GameManager.cpp" />
    <ClCompile Include="Item\RedPotion.cpp">
      <Filter>Item</Filter>
    </ClCompile>
    <ClCompile Include="Item\IItem.cpp">
      <Filter>Item</Filter>
    </ClCompile>
    <ClCompile Include="Item\ItemManager.cpp">
      <Filter>Item</Filter>
    </ClCompile>
    <ClCompile Include="Player\State\PlayerGuardState.cpp">
      <Filter>Player\State</Filter>
    </ClCompile>
    <ClCompile Include="Camera\CCameraCollisionSlover.cpp">
      <Filter>Camera</Filter>
    </ClCompile>
    <ClCompile Include="Camera\SpringCamera.cpp">
      <Filter>Camera</Filter>
    </ClCompile>
  </ItemGroup>
  <ItemGroup>
    <Filter Include="Assets">
      <UniqueIdentifier>{ea11a769-c178-4f41-ba8b-3c26a44be6a9}</UniqueIdentifier>
    </Filter>
    <Filter Include="Assets\modelData">
      <UniqueIdentifier>{4339d04f-b4a7-48b7-bb31-83a2f4998aa2}</UniqueIdentifier>
    </Filter>
    <Filter Include="Assets\modelData\test">
      <UniqueIdentifier>{37d68044-d545-45d2-9be8-25d4417d7106}</UniqueIdentifier>
    </Filter>
    <Filter Include="Level">
      <UniqueIdentifier>{711edca2-e974-43b6-a9ce-677bcb9ad77c}</UniqueIdentifier>
    </Filter>
    <Filter Include="test">
      <UniqueIdentifier>{01d172b2-43fa-499d-8403-68570eb66410}</UniqueIdentifier>
    </Filter>
    <Filter Include="Assets\image">
      <UniqueIdentifier>{b4ab8465-3a30-4c6f-bd6b-f3ad57761a9b}</UniqueIdentifier>
    </Filter>
    <Filter Include="Camera">
      <UniqueIdentifier>{b917d3ea-13bd-43e9-9dc1-1c8eb96241fb}</UniqueIdentifier>
    </Filter>
    <Filter Include="Item">
      <UniqueIdentifier>{2b5750be-4ae0-4728-98c8-6df557e23033}</UniqueIdentifier>
    </Filter>
    <Filter Include="Enemy">
      <UniqueIdentifier>{62cde16a-a71a-4a78-8f80-8f4fbfe8379f}</UniqueIdentifier>
    </Filter>
    <Filter Include="Enemy\Boss">
      <UniqueIdentifier>{94106033-928b-4e2f-8d31-496d61b471e7}</UniqueIdentifier>
    </Filter>
    <Filter Include="Enemy\State">
      <UniqueIdentifier>{f00be64a-cbbd-4feb-a7ef-6f8e244880da}</UniqueIdentifier>
    </Filter>
    <Filter Include="Player">
      <UniqueIdentifier>{de703569-5717-4754-963a-655926b051ca}</UniqueIdentifier>
    </Filter>
    <Filter Include="Player\State">
      <UniqueIdentifier>{f83d4f41-597f-4727-ab7d-4fc28448c04c}</UniqueIdentifier>
    </Filter>
    <Filter Include="Player\Attack">
      <UniqueIdentifier>{98b2e804-f37c-4fc3-b365-5715e00ad001}</UniqueIdentifier>
    </Filter>
    <Filter Include="Assets\modelData\m">
      <UniqueIdentifier>{96b95b29-5c9d-4b12-ba3b-365391aa3409}</UniqueIdentifier>
    </Filter>
  </ItemGroup>
  <ItemGroup>
    <ImageContentTask Include="Assets\modelData\test\test.png">
      <Filter>Assets\modelData\test</Filter>
    </ImageContentTask>
    <ImageContentTask Include="Assets\modelData\map\HeightMap.png">
      <Filter>Assets\modelData</Filter>
    </ImageContentTask>
    <ImageContentTask Include="Assets\Image\hp.png">
      <Filter>Assets\image</Filter>
    </ImageContentTask>
    <ImageContentTask Include="Assets\Image\illumination.png">
      <Filter>Assets\image</Filter>
    </ImageContentTask>
    <ImageContentTask Include="Assets\modelData\m\mTex.png">
      <Filter>Assets\modelData\m</Filter>
    </ImageContentTask>
  </ItemGroup>
  <ItemGroup>
    <Text Include="Enemy\Zako\Ene_zako.txt" />
  </ItemGroup>
</Project>