<?xml version="1.0" encoding="utf-8"?>
<Project ToolsVersion="4.0" xmlns="http://schemas.microsoft.com/developer/msbuild/2003">
  <ItemGroup>
    <ClInclude Include="stdafx.h" />
    <ClInclude Include="Game.h" />
  </ItemGroup>
  <ItemGroup>
    <ClCompile Include="main.cpp" />
    <ClCompile Include="stdafx.cpp" />
    <ClCompile Include="Game.cpp" />
  </ItemGroup>
  <ItemGroup>
    <Filter Include="Assets">
      <UniqueIdentifier>{ea11a769-c178-4f41-ba8b-3c26a44be6a9}</UniqueIdentifier>
    </Filter>
    <Filter Include="Assets\modelData">
      <UniqueIdentifier>{4339d04f-b4a7-48b7-bb31-83a2f4998aa2}</UniqueIdentifier>
    </Filter>
    <Filter Include="Assets\modelData\test">
      <UniqueIdentifier>{37d68044-d545-45d2-9be8-25d4417d7106}</UniqueIdentifier>
    </Filter>
  </ItemGroup>
  <ItemGroup>
    <Image Include="Assets\modelData\test\test.png">
      <Filter>Assets\modelData\test</Filter>
    </Image>
  </ItemGroup>
</Project>