
Microsoft Visual Studio Solution File, Format Version 12.00
# Visual Studio Version 16
VisualStudioVersion = 16.0.29519.181
MinimumVisualStudioVersion = 10.0.40219.1
Project("{8BC9CEB8-8B4A-11D0-8D11-00A0C91BC942}") = "UsualEngineR", "UsualEngineR\UsualEngineR.vcxproj", "{8F2940B4-6C7E-4409-AB3C-EC6950DB75D5}"
EndProject
Project("{8BC9CEB8-8B4A-11D0-8D11-00A0C91BC942}") = "Game", "Game\Game.vcxproj", "{D3B8D71B-8204-4398-B61B-EE2F37C18845}"
	ProjectSection(ProjectDependencies) = postProject
		{8F2940B4-6C7E-4409-AB3C-EC6950DB75D5} = {8F2940B4-6C7E-4409-AB3C-EC6950DB75D5}
	EndProjectSection
EndProject
Project("{8BC9CEB8-8B4A-11D0-8D11-00A0C91BC942}") = "DirectXTK12", "UsualEngineR\DirectXTK\DirectXTK_Desktop_2019_Win10.vcxproj", "{3E0E8608-CD9B-4C76-AF33-29CA38F2C9F0}"
EndProject
Project("{8BC9CEB8-8B4A-11D0-8D11-00A0C91BC942}") = "BulletCollision", "UsualEngineR\bulletPhysics\src\BulletCollision\BulletCollision.vcxproj", "{28EF574A-84DB-3CB0-9B45-DB3545B2D05C}"
EndProject
Project("{8BC9CEB8-8B4A-11D0-8D11-00A0C91BC942}") = "BulletDynamics", "UsualEngineR\bulletPhysics\src\BulletDynamics\BulletDynamics.vcxproj", "{9BF1ADF3-EB57-35E8-B156-ADE8FFC7E2F0}"
EndProject
Project("{8BC9CEB8-8B4A-11D0-8D11-00A0C91BC942}") = "LinearMath", "UsualEngineR\bulletPhysics\src\LinearMath\LinearMath.vcxproj", "{4DCE52A5-106C-3D94-815D-C8EBC6133B5E}"
EndProject
Global
	GlobalSection(SolutionConfigurationPlatforms) = preSolution
		Debug_Low|ARM = Debug_Low|ARM
		Debug_Low|ARM64 = Debug_Low|ARM64
		Debug_Low|x64 = Debug_Low|x64
		Debug_Low|x86 = Debug_Low|x86
		Debug_Middle|ARM = Debug_Middle|ARM
		Debug_Middle|ARM64 = Debug_Middle|ARM64
		Debug_Middle|x64 = Debug_Middle|x64
		Debug_Middle|x86 = Debug_Middle|x86
		Debug|ARM = Debug|ARM
		Debug|ARM64 = Debug|ARM64
		Debug|x64 = Debug|x64
		Debug|x86 = Debug|x86
		MinSizeRel|ARM = MinSizeRel|ARM
		MinSizeRel|ARM64 = MinSizeRel|ARM64
		MinSizeRel|x64 = MinSizeRel|x64
		MinSizeRel|x86 = MinSizeRel|x86
		Preview_Low|ARM = Preview_Low|ARM
		Preview_Low|ARM64 = Preview_Low|ARM64
		Preview_Low|x64 = Preview_Low|x64
		Preview_Low|x86 = Preview_Low|x86
		Preview_Middle|ARM = Preview_Middle|ARM
		Preview_Middle|ARM64 = Preview_Middle|ARM64
		Preview_Middle|x64 = Preview_Middle|x64
		Preview_Middle|x86 = Preview_Middle|x86
		Preview|ARM = Preview|ARM
		Preview|ARM64 = Preview|ARM64
		Preview|x64 = Preview|x64
		Preview|x86 = Preview|x86
		Release_Low|ARM = Release_Low|ARM
		Release_Low|ARM64 = Release_Low|ARM64
		Release_Low|x64 = Release_Low|x64
		Release_Low|x86 = Release_Low|x86
		Release_Middle|ARM = Release_Middle|ARM
		Release_Middle|ARM64 = Release_Middle|ARM64
		Release_Middle|x64 = Release_Middle|x64
		Release_Middle|x86 = Release_Middle|x86
		Release|ARM = Release|ARM
		Release|ARM64 = Release|ARM64
		Release|x64 = Release|x64
		Release|x86 = Release|x86
		RelWithDebInfo|ARM = RelWithDebInfo|ARM
		RelWithDebInfo|ARM64 = RelWithDebInfo|ARM64
		RelWithDebInfo|x64 = RelWithDebInfo|x64
		RelWithDebInfo|x86 = RelWithDebInfo|x86
	EndGlobalSection
	GlobalSection(ProjectConfigurationPlatforms) = postSolution
		{8F2940B4-6C7E-4409-AB3C-EC6950DB75D5}.Debug_Low|ARM.ActiveCfg = Release|x64
		{8F2940B4-6C7E-4409-AB3C-EC6950DB75D5}.Debug_Low|ARM.Build.0 = Release|x64
		{8F2940B4-6C7E-4409-AB3C-EC6950DB75D5}.Debug_Low|ARM64.ActiveCfg = Release|x64
		{8F2940B4-6C7E-4409-AB3C-EC6950DB75D5}.Debug_Low|ARM64.Build.0 = Release|x64
		{8F2940B4-6C7E-4409-AB3C-EC6950DB75D5}.Debug_Low|x64.ActiveCfg = Debug|x64
		{8F2940B4-6C7E-4409-AB3C-EC6950DB75D5}.Debug_Low|x64.Build.0 = Debug|x64
		{8F2940B4-6C7E-4409-AB3C-EC6950DB75D5}.Debug_Low|x86.ActiveCfg = Debug|Win32
		{8F2940B4-6C7E-4409-AB3C-EC6950DB75D5}.Debug_Low|x86.Build.0 = Debug|Win32
		{8F2940B4-6C7E-4409-AB3C-EC6950DB75D5}.Debug_Middle|ARM.ActiveCfg = Release|x64
		{8F2940B4-6C7E-4409-AB3C-EC6950DB75D5}.Debug_Middle|ARM.Build.0 = Release|x64
		{8F2940B4-6C7E-4409-AB3C-EC6950DB75D5}.Debug_Middle|ARM64.ActiveCfg = Release|x64
		{8F2940B4-6C7E-4409-AB3C-EC6950DB75D5}.Debug_Middle|ARM64.Build.0 = Release|x64
		{8F2940B4-6C7E-4409-AB3C-EC6950DB75D5}.Debug_Middle|x64.ActiveCfg = Debug|x64
		{8F2940B4-6C7E-4409-AB3C-EC6950DB75D5}.Debug_Middle|x64.Build.0 = Debug|x64
		{8F2940B4-6C7E-4409-AB3C-EC6950DB75D5}.Debug_Middle|x86.ActiveCfg = Debug|Win32
		{8F2940B4-6C7E-4409-AB3C-EC6950DB75D5}.Debug_Middle|x86.Build.0 = Debug|Win32
		{8F2940B4-6C7E-4409-AB3C-EC6950DB75D5}.Debug|ARM.ActiveCfg = Debug|Win32
		{8F2940B4-6C7E-4409-AB3C-EC6950DB75D5}.Debug|ARM64.ActiveCfg = Debug|Win32
		{8F2940B4-6C7E-4409-AB3C-EC6950DB75D5}.Debug|x64.ActiveCfg = Debug|x64
		{8F2940B4-6C7E-4409-AB3C-EC6950DB75D5}.Debug|x64.Build.0 = Debug|x64
		{8F2940B4-6C7E-4409-AB3C-EC6950DB75D5}.Debug|x86.ActiveCfg = Debug|Win32
		{8F2940B4-6C7E-4409-AB3C-EC6950DB75D5}.Debug|x86.Build.0 = Debug|Win32
		{8F2940B4-6C7E-4409-AB3C-EC6950DB75D5}.MinSizeRel|ARM.ActiveCfg = Release|x64
		{8F2940B4-6C7E-4409-AB3C-EC6950DB75D5}.MinSizeRel|ARM.Build.0 = Release|x64
		{8F2940B4-6C7E-4409-AB3C-EC6950DB75D5}.MinSizeRel|ARM64.ActiveCfg = Release|x64
		{8F2940B4-6C7E-4409-AB3C-EC6950DB75D5}.MinSizeRel|ARM64.Build.0 = Release|x64
		{8F2940B4-6C7E-4409-AB3C-EC6950DB75D5}.MinSizeRel|x64.ActiveCfg = Release|x64
		{8F2940B4-6C7E-4409-AB3C-EC6950DB75D5}.MinSizeRel|x64.Build.0 = Release|x64
		{8F2940B4-6C7E-4409-AB3C-EC6950DB75D5}.MinSizeRel|x86.ActiveCfg = Release|Win32
		{8F2940B4-6C7E-4409-AB3C-EC6950DB75D5}.MinSizeRel|x86.Build.0 = Release|Win32
		{8F2940B4-6C7E-4409-AB3C-EC6950DB75D5}.Preview_Low|ARM.ActiveCfg = Release|x64
		{8F2940B4-6C7E-4409-AB3C-EC6950DB75D5}.Preview_Low|ARM.Build.0 = Release|x64
		{8F2940B4-6C7E-4409-AB3C-EC6950DB75D5}.Preview_Low|ARM64.ActiveCfg = Release|x64
		{8F2940B4-6C7E-4409-AB3C-EC6950DB75D5}.Preview_Low|ARM64.Build.0 = Release|x64
		{8F2940B4-6C7E-4409-AB3C-EC6950DB75D5}.Preview_Low|x64.ActiveCfg = Release|x64
		{8F2940B4-6C7E-4409-AB3C-EC6950DB75D5}.Preview_Low|x64.Build.0 = Release|x64
		{8F2940B4-6C7E-4409-AB3C-EC6950DB75D5}.Preview_Low|x86.ActiveCfg = Release|Win32
		{8F2940B4-6C7E-4409-AB3C-EC6950DB75D5}.Preview_Low|x86.Build.0 = Release|Win32
		{8F2940B4-6C7E-4409-AB3C-EC6950DB75D5}.Preview_Middle|ARM.ActiveCfg = Release|x64
		{8F2940B4-6C7E-4409-AB3C-EC6950DB75D5}.Preview_Middle|ARM.Build.0 = Release|x64
		{8F2940B4-6C7E-4409-AB3C-EC6950DB75D5}.Preview_Middle|ARM64.ActiveCfg = Release|x64
		{8F2940B4-6C7E-4409-AB3C-EC6950DB75D5}.Preview_Middle|ARM64.Build.0 = Release|x64
		{8F2940B4-6C7E-4409-AB3C-EC6950DB75D5}.Preview_Middle|x64.ActiveCfg = Release|x64
		{8F2940B4-6C7E-4409-AB3C-EC6950DB75D5}.Preview_Middle|x64.Build.0 = Release|x64
		{8F2940B4-6C7E-4409-AB3C-EC6950DB75D5}.Preview_Middle|x86.ActiveCfg = Release|Win32
		{8F2940B4-6C7E-4409-AB3C-EC6950DB75D5}.Preview_Middle|x86.Build.0 = Release|Win32
		{8F2940B4-6C7E-4409-AB3C-EC6950DB75D5}.Preview|ARM.ActiveCfg = Release|x64
		{8F2940B4-6C7E-4409-AB3C-EC6950DB75D5}.Preview|ARM.Build.0 = Release|x64
		{8F2940B4-6C7E-4409-AB3C-EC6950DB75D5}.Preview|ARM64.ActiveCfg = Release|x64
		{8F2940B4-6C7E-4409-AB3C-EC6950DB75D5}.Preview|ARM64.Build.0 = Release|x64
		{8F2940B4-6C7E-4409-AB3C-EC6950DB75D5}.Preview|x64.ActiveCfg = Release|x64
		{8F2940B4-6C7E-4409-AB3C-EC6950DB75D5}.Preview|x64.Build.0 = Release|x64
		{8F2940B4-6C7E-4409-AB3C-EC6950DB75D5}.Preview|x86.ActiveCfg = Release|Win32
		{8F2940B4-6C7E-4409-AB3C-EC6950DB75D5}.Preview|x86.Build.0 = Release|Win32
		{8F2940B4-6C7E-4409-AB3C-EC6950DB75D5}.Release_Low|ARM.ActiveCfg = Release|x64
		{8F2940B4-6C7E-4409-AB3C-EC6950DB75D5}.Release_Low|ARM.Build.0 = Release|x64
		{8F2940B4-6C7E-4409-AB3C-EC6950DB75D5}.Release_Low|ARM64.ActiveCfg = Release|x64
		{8F2940B4-6C7E-4409-AB3C-EC6950DB75D5}.Release_Low|ARM64.Build.0 = Release|x64
		{8F2940B4-6C7E-4409-AB3C-EC6950DB75D5}.Release_Low|x64.ActiveCfg = Release|x64
		{8F2940B4-6C7E-4409-AB3C-EC6950DB75D5}.Release_Low|x64.Build.0 = Release|x64
		{8F2940B4-6C7E-4409-AB3C-EC6950DB75D5}.Release_Low|x86.ActiveCfg = Release|Win32
		{8F2940B4-6C7E-4409-AB3C-EC6950DB75D5}.Release_Low|x86.Build.0 = Release|Win32
		{8F2940B4-6C7E-4409-AB3C-EC6950DB75D5}.Release_Middle|ARM.ActiveCfg = Release|x64
		{8F2940B4-6C7E-4409-AB3C-EC6950DB75D5}.Release_Middle|ARM.Build.0 = Release|x64
		{8F2940B4-6C7E-4409-AB3C-EC6950DB75D5}.Release_Middle|ARM64.ActiveCfg = Release|x64
		{8F2940B4-6C7E-4409-AB3C-EC6950DB75D5}.Release_Middle|ARM64.Build.0 = Release|x64
		{8F2940B4-6C7E-4409-AB3C-EC6950DB75D5}.Release_Middle|x64.ActiveCfg = Release|x64
		{8F2940B4-6C7E-4409-AB3C-EC6950DB75D5}.Release_Middle|x64.Build.0 = Release|x64
		{8F2940B4-6C7E-4409-AB3C-EC6950DB75D5}.Release_Middle|x86.ActiveCfg = Release|Win32
		{8F2940B4-6C7E-4409-AB3C-EC6950DB75D5}.Release_Middle|x86.Build.0 = Release|Win32
		{8F2940B4-6C7E-4409-AB3C-EC6950DB75D5}.Release|ARM.ActiveCfg = Release|Win32
		{8F2940B4-6C7E-4409-AB3C-EC6950DB75D5}.Release|ARM64.ActiveCfg = Release|Win32
		{8F2940B4-6C7E-4409-AB3C-EC6950DB75D5}.Release|x64.ActiveCfg = Release|x64
		{8F2940B4-6C7E-4409-AB3C-EC6950DB75D5}.Release|x64.Build.0 = Release|x64
		{8F2940B4-6C7E-4409-AB3C-EC6950DB75D5}.Release|x86.ActiveCfg = Release|Win32
		{8F2940B4-6C7E-4409-AB3C-EC6950DB75D5}.Release|x86.Build.0 = Release|Win32
		{8F2940B4-6C7E-4409-AB3C-EC6950DB75D5}.RelWithDebInfo|ARM.ActiveCfg = Release|x64
		{8F2940B4-6C7E-4409-AB3C-EC6950DB75D5}.RelWithDebInfo|ARM.Build.0 = Release|x64
		{8F2940B4-6C7E-4409-AB3C-EC6950DB75D5}.RelWithDebInfo|ARM64.ActiveCfg = Release|x64
		{8F2940B4-6C7E-4409-AB3C-EC6950DB75D5}.RelWithDebInfo|ARM64.Build.0 = Release|x64
		{8F2940B4-6C7E-4409-AB3C-EC6950DB75D5}.RelWithDebInfo|x64.ActiveCfg = Release|x64
		{8F2940B4-6C7E-4409-AB3C-EC6950DB75D5}.RelWithDebInfo|x64.Build.0 = Release|x64
		{8F2940B4-6C7E-4409-AB3C-EC6950DB75D5}.RelWithDebInfo|x86.ActiveCfg = Release|Win32
		{8F2940B4-6C7E-4409-AB3C-EC6950DB75D5}.RelWithDebInfo|x86.Build.0 = Release|Win32
		{D3B8D71B-8204-4398-B61B-EE2F37C18845}.Debug_Low|ARM.ActiveCfg = Release|x64
		{D3B8D71B-8204-4398-B61B-EE2F37C18845}.Debug_Low|ARM.Build.0 = Release|x64
		{D3B8D71B-8204-4398-B61B-EE2F37C18845}.Debug_Low|ARM64.ActiveCfg = Release|x64
		{D3B8D71B-8204-4398-B61B-EE2F37C18845}.Debug_Low|ARM64.Build.0 = Release|x64
		{D3B8D71B-8204-4398-B61B-EE2F37C18845}.Debug_Low|x64.ActiveCfg = Debug|x64
		{D3B8D71B-8204-4398-B61B-EE2F37C18845}.Debug_Low|x64.Build.0 = Debug|x64
		{D3B8D71B-8204-4398-B61B-EE2F37C18845}.Debug_Low|x86.ActiveCfg = Debug|Win32
		{D3B8D71B-8204-4398-B61B-EE2F37C18845}.Debug_Low|x86.Build.0 = Debug|Win32
		{D3B8D71B-8204-4398-B61B-EE2F37C18845}.Debug_Middle|ARM.ActiveCfg = Release|x64
		{D3B8D71B-8204-4398-B61B-EE2F37C18845}.Debug_Middle|ARM.Build.0 = Release|x64
		{D3B8D71B-8204-4398-B61B-EE2F37C18845}.Debug_Middle|ARM64.ActiveCfg = Release|x64
		{D3B8D71B-8204-4398-B61B-EE2F37C18845}.Debug_Middle|ARM64.Build.0 = Release|x64
		{D3B8D71B-8204-4398-B61B-EE2F37C18845}.Debug_Middle|x64.ActiveCfg = Debug|x64
		{D3B8D71B-8204-4398-B61B-EE2F37C18845}.Debug_Middle|x64.Build.0 = Debug|x64
		{D3B8D71B-8204-4398-B61B-EE2F37C18845}.Debug_Middle|x86.ActiveCfg = Debug|Win32
		{D3B8D71B-8204-4398-B61B-EE2F37C18845}.Debug_Middle|x86.Build.0 = Debug|Win32
		{D3B8D71B-8204-4398-B61B-EE2F37C18845}.Debug|ARM.ActiveCfg = Debug|Win32
		{D3B8D71B-8204-4398-B61B-EE2F37C18845}.Debug|ARM64.ActiveCfg = Debug|Win32
		{D3B8D71B-8204-4398-B61B-EE2F37C18845}.Debug|x64.ActiveCfg = Debug|x64
		{D3B8D71B-8204-4398-B61B-EE2F37C18845}.Debug|x64.Build.0 = Debug|x64
		{D3B8D71B-8204-4398-B61B-EE2F37C18845}.Debug|x86.ActiveCfg = Debug|Win32
		{D3B8D71B-8204-4398-B61B-EE2F37C18845}.Debug|x86.Build.0 = Debug|Win32
		{D3B8D71B-8204-4398-B61B-EE2F37C18845}.MinSizeRel|ARM.ActiveCfg = Release|x64
		{D3B8D71B-8204-4398-B61B-EE2F37C18845}.MinSizeRel|ARM.Build.0 = Release|x64
		{D3B8D71B-8204-4398-B61B-EE2F37C18845}.MinSizeRel|ARM64.ActiveCfg = Release|x64
		{D3B8D71B-8204-4398-B61B-EE2F37C18845}.MinSizeRel|ARM64.Build.0 = Release|x64
		{D3B8D71B-8204-4398-B61B-EE2F37C18845}.MinSizeRel|x64.ActiveCfg = Release|x64
		{D3B8D71B-8204-4398-B61B-EE2F37C18845}.MinSizeRel|x64.Build.0 = Release|x64
		{D3B8D71B-8204-4398-B61B-EE2F37C18845}.MinSizeRel|x86.ActiveCfg = Release|Win32
		{D3B8D71B-8204-4398-B61B-EE2F37C18845}.MinSizeRel|x86.Build.0 = Release|Win32
		{D3B8D71B-8204-4398-B61B-EE2F37C18845}.Preview_Low|ARM.ActiveCfg = Release|x64
		{D3B8D71B-8204-4398-B61B-EE2F37C18845}.Preview_Low|ARM.Build.0 = Release|x64
		{D3B8D71B-8204-4398-B61B-EE2F37C18845}.Preview_Low|ARM64.ActiveCfg = Release|x64
		{D3B8D71B-8204-4398-B61B-EE2F37C18845}.Preview_Low|ARM64.Build.0 = Release|x64
		{D3B8D71B-8204-4398-B61B-EE2F37C18845}.Preview_Low|x64.ActiveCfg = Release|x64
		{D3B8D71B-8204-4398-B61B-EE2F37C18845}.Preview_Low|x64.Build.0 = Release|x64
		{D3B8D71B-8204-4398-B61B-EE2F37C18845}.Preview_Low|x86.ActiveCfg = Release|Win32
		{D3B8D71B-8204-4398-B61B-EE2F37C18845}.Preview_Low|x86.Build.0 = Release|Win32
		{D3B8D71B-8204-4398-B61B-EE2F37C18845}.Preview_Middle|ARM.ActiveCfg = Release|x64
		{D3B8D71B-8204-4398-B61B-EE2F37C18845}.Preview_Middle|ARM.Build.0 = Release|x64
		{D3B8D71B-8204-4398-B61B-EE2F37C18845}.Preview_Middle|ARM64.ActiveCfg = Release|x64
		{D3B8D71B-8204-4398-B61B-EE2F37C18845}.Preview_Middle|ARM64.Build.0 = Release|x64
		{D3B8D71B-8204-4398-B61B-EE2F37C18845}.Preview_Middle|x64.ActiveCfg = Release|x64
		{D3B8D71B-8204-4398-B61B-EE2F37C18845}.Preview_Middle|x64.Build.0 = Release|x64
		{D3B8D71B-8204-4398-B61B-EE2F37C18845}.Preview_Middle|x86.ActiveCfg = Release|Win32
		{D3B8D71B-8204-4398-B61B-EE2F37C18845}.Preview_Middle|x86.Build.0 = Release|Win32
		{D3B8D71B-8204-4398-B61B-EE2F37C18845}.Preview|ARM.ActiveCfg = Release|x64
		{D3B8D71B-8204-4398-B61B-EE2F37C18845}.Preview|ARM.Build.0 = Release|x64
		{D3B8D71B-8204-4398-B61B-EE2F37C18845}.Preview|ARM64.ActiveCfg = Release|x64
		{D3B8D71B-8204-4398-B61B-EE2F37C18845}.Preview|ARM64.Build.0 = Release|x64
		{D3B8D71B-8204-4398-B61B-EE2F37C18845}.Preview|x64.ActiveCfg = Release|x64
		{D3B8D71B-8204-4398-B61B-EE2F37C18845}.Preview|x64.Build.0 = Release|x64
		{D3B8D71B-8204-4398-B61B-EE2F37C18845}.Preview|x86.ActiveCfg = Release|Win32
		{D3B8D71B-8204-4398-B61B-EE2F37C18845}.Preview|x86.Build.0 = Release|Win32
		{D3B8D71B-8204-4398-B61B-EE2F37C18845}.Release_Low|ARM.ActiveCfg = Release|x64
		{D3B8D71B-8204-4398-B61B-EE2F37C18845}.Release_Low|ARM.Build.0 = Release|x64
		{D3B8D71B-8204-4398-B61B-EE2F37C18845}.Release_Low|ARM64.ActiveCfg = Release|x64
		{D3B8D71B-8204-4398-B61B-EE2F37C18845}.Release_Low|ARM64.Build.0 = Release|x64
		{D3B8D71B-8204-4398-B61B-EE2F37C18845}.Release_Low|x64.ActiveCfg = Release|x64
		{D3B8D71B-8204-4398-B61B-EE2F37C18845}.Release_Low|x64.Build.0 = Release|x64
		{D3B8D71B-8204-4398-B61B-EE2F37C18845}.Release_Low|x86.ActiveCfg = Release|Win32
		{D3B8D71B-8204-4398-B61B-EE2F37C18845}.Release_Low|x86.Build.0 = Release|Win32
		{D3B8D71B-8204-4398-B61B-EE2F37C18845}.Release_Middle|ARM.ActiveCfg = Release|x64
		{D3B8D71B-8204-4398-B61B-EE2F37C18845}.Release_Middle|ARM.Build.0 = Release|x64
		{D3B8D71B-8204-4398-B61B-EE2F37C18845}.Release_Middle|ARM64.ActiveCfg = Release|x64
		{D3B8D71B-8204-4398-B61B-EE2F37C18845}.Release_Middle|ARM64.Build.0 = Release|x64
		{D3B8D71B-8204-4398-B61B-EE2F37C18845}.Release_Middle|x64.ActiveCfg = Release|x64
		{D3B8D71B-8204-4398-B61B-EE2F37C18845}.Release_Middle|x64.Build.0 = Release|x64
		{D3B8D71B-8204-4398-B61B-EE2F37C18845}.Release_Middle|x86.ActiveCfg = Release|Win32
		{D3B8D71B-8204-4398-B61B-EE2F37C18845}.Release_Middle|x86.Build.0 = Release|Win32
		{D3B8D71B-8204-4398-B61B-EE2F37C18845}.Release|ARM.ActiveCfg = Release|Win32
		{D3B8D71B-8204-4398-B61B-EE2F37C18845}.Release|ARM64.ActiveCfg = Release|Win32
		{D3B8D71B-8204-4398-B61B-EE2F37C18845}.Release|x64.ActiveCfg = Release|x64
		{D3B8D71B-8204-4398-B61B-EE2F37C18845}.Release|x64.Build.0 = Release|x64
		{D3B8D71B-8204-4398-B61B-EE2F37C18845}.Release|x86.ActiveCfg = Release|Win32
		{D3B8D71B-8204-4398-B61B-EE2F37C18845}.Release|x86.Build.0 = Release|Win32
		{D3B8D71B-8204-4398-B61B-EE2F37C18845}.RelWithDebInfo|ARM.ActiveCfg = Release|x64
		{D3B8D71B-8204-4398-B61B-EE2F37C18845}.RelWithDebInfo|ARM.Build.0 = Release|x64
		{D3B8D71B-8204-4398-B61B-EE2F37C18845}.RelWithDebInfo|ARM64.ActiveCfg = Release|x64
		{D3B8D71B-8204-4398-B61B-EE2F37C18845}.RelWithDebInfo|ARM64.Build.0 = Release|x64
		{D3B8D71B-8204-4398-B61B-EE2F37C18845}.RelWithDebInfo|x64.ActiveCfg = Release|x64
		{D3B8D71B-8204-4398-B61B-EE2F37C18845}.RelWithDebInfo|x64.Build.0 = Release|x64
		{D3B8D71B-8204-4398-B61B-EE2F37C18845}.RelWithDebInfo|x86.ActiveCfg = Release|Win32
		{D3B8D71B-8204-4398-B61B-EE2F37C18845}.RelWithDebInfo|x86.Build.0 = Release|Win32
		{3E0E8608-CD9B-4C76-AF33-29CA38F2C9F0}.Debug_Low|ARM.ActiveCfg = Release|x64
		{3E0E8608-CD9B-4C76-AF33-29CA38F2C9F0}.Debug_Low|ARM.Build.0 = Release|x64
		{3E0E8608-CD9B-4C76-AF33-29CA38F2C9F0}.Debug_Low|ARM64.ActiveCfg = Release|x64
		{3E0E8608-CD9B-4C76-AF33-29CA38F2C9F0}.Debug_Low|ARM64.Build.0 = Release|x64
		{3E0E8608-CD9B-4C76-AF33-29CA38F2C9F0}.Debug_Low|x64.ActiveCfg = Debug|x64
		{3E0E8608-CD9B-4C76-AF33-29CA38F2C9F0}.Debug_Low|x64.Build.0 = Debug|x64
		{3E0E8608-CD9B-4C76-AF33-29CA38F2C9F0}.Debug_Low|x86.ActiveCfg = Debug|Win32
		{3E0E8608-CD9B-4C76-AF33-29CA38F2C9F0}.Debug_Low|x86.Build.0 = Debug|Win32
		{3E0E8608-CD9B-4C76-AF33-29CA38F2C9F0}.Debug_Middle|ARM.ActiveCfg = Release|x64
		{3E0E8608-CD9B-4C76-AF33-29CA38F2C9F0}.Debug_Middle|ARM.Build.0 = Release|x64
		{3E0E8608-CD9B-4C76-AF33-29CA38F2C9F0}.Debug_Middle|ARM64.ActiveCfg = Release|x64
		{3E0E8608-CD9B-4C76-AF33-29CA38F2C9F0}.Debug_Middle|ARM64.Build.0 = Release|x64
		{3E0E8608-CD9B-4C76-AF33-29CA38F2C9F0}.Debug_Middle|x64.ActiveCfg = Debug|x64
		{3E0E8608-CD9B-4C76-AF33-29CA38F2C9F0}.Debug_Middle|x64.Build.0 = Debug|x64
		{3E0E8608-CD9B-4C76-AF33-29CA38F2C9F0}.Debug_Middle|x86.ActiveCfg = Debug|Win32
		{3E0E8608-CD9B-4C76-AF33-29CA38F2C9F0}.Debug_Middle|x86.Build.0 = Debug|Win32
		{3E0E8608-CD9B-4C76-AF33-29CA38F2C9F0}.Debug|ARM.ActiveCfg = Debug|Win32
		{3E0E8608-CD9B-4C76-AF33-29CA38F2C9F0}.Debug|ARM64.ActiveCfg = Debug|Win32
		{3E0E8608-CD9B-4C76-AF33-29CA38F2C9F0}.Debug|x64.ActiveCfg = Debug|x64
		{3E0E8608-CD9B-4C76-AF33-29CA38F2C9F0}.Debug|x64.Build.0 = Debug|x64
		{3E0E8608-CD9B-4C76-AF33-29CA38F2C9F0}.Debug|x86.ActiveCfg = Debug|Win32
		{3E0E8608-CD9B-4C76-AF33-29CA38F2C9F0}.Debug|x86.Build.0 = Debug|Win32
		{3E0E8608-CD9B-4C76-AF33-29CA38F2C9F0}.MinSizeRel|ARM.ActiveCfg = Release|x64
		{3E0E8608-CD9B-4C76-AF33-29CA38F2C9F0}.MinSizeRel|ARM.Build.0 = Release|x64
		{3E0E8608-CD9B-4C76-AF33-29CA38F2C9F0}.MinSizeRel|ARM64.ActiveCfg = Release|x64
		{3E0E8608-CD9B-4C76-AF33-29CA38F2C9F0}.MinSizeRel|ARM64.Build.0 = Release|x64
		{3E0E8608-CD9B-4C76-AF33-29CA38F2C9F0}.MinSizeRel|x64.ActiveCfg = Release|x64
		{3E0E8608-CD9B-4C76-AF33-29CA38F2C9F0}.MinSizeRel|x64.Build.0 = Release|x64
		{3E0E8608-CD9B-4C76-AF33-29CA38F2C9F0}.MinSizeRel|x86.ActiveCfg = Release|Win32
		{3E0E8608-CD9B-4C76-AF33-29CA38F2C9F0}.MinSizeRel|x86.Build.0 = Release|Win32
		{3E0E8608-CD9B-4C76-AF33-29CA38F2C9F0}.Preview_Low|ARM.ActiveCfg = Release|x64
		{3E0E8608-CD9B-4C76-AF33-29CA38F2C9F0}.Preview_Low|ARM.Build.0 = Release|x64
		{3E0E8608-CD9B-4C76-AF33-29CA38F2C9F0}.Preview_Low|ARM64.ActiveCfg = Release|x64
		{3E0E8608-CD9B-4C76-AF33-29CA38F2C9F0}.Preview_Low|ARM64.Build.0 = Release|x64
		{3E0E8608-CD9B-4C76-AF33-29CA38F2C9F0}.Preview_Low|x64.ActiveCfg = Release|x64
		{3E0E8608-CD9B-4C76-AF33-29CA38F2C9F0}.Preview_Low|x64.Build.0 = Release|x64
		{3E0E8608-CD9B-4C76-AF33-29CA38F2C9F0}.Preview_Low|x86.ActiveCfg = Release|Win32
		{3E0E8608-CD9B-4C76-AF33-29CA38F2C9F0}.Preview_Low|x86.Build.0 = Release|Win32
		{3E0E8608-CD9B-4C76-AF33-29CA38F2C9F0}.Preview_Middle|ARM.ActiveCfg = Release|x64
		{3E0E8608-CD9B-4C76-AF33-29CA38F2C9F0}.Preview_Middle|ARM.Build.0 = Release|x64
		{3E0E8608-CD9B-4C76-AF33-29CA38F2C9F0}.Preview_Middle|ARM64.ActiveCfg = Release|x64
		{3E0E8608-CD9B-4C76-AF33-29CA38F2C9F0}.Preview_Middle|ARM64.Build.0 = Release|x64
		{3E0E8608-CD9B-4C76-AF33-29CA38F2C9F0}.Preview_Middle|x64.ActiveCfg = Release|x64
		{3E0E8608-CD9B-4C76-AF33-29CA38F2C9F0}.Preview_Middle|x64.Build.0 = Release|x64
		{3E0E8608-CD9B-4C76-AF33-29CA38F2C9F0}.Preview_Middle|x86.ActiveCfg = Release|Win32
		{3E0E8608-CD9B-4C76-AF33-29CA38F2C9F0}.Preview_Middle|x86.Build.0 = Release|Win32
		{3E0E8608-CD9B-4C76-AF33-29CA38F2C9F0}.Preview|ARM.ActiveCfg = Release|x64
		{3E0E8608-CD9B-4C76-AF33-29CA38F2C9F0}.Preview|ARM.Build.0 = Release|x64
		{3E0E8608-CD9B-4C76-AF33-29CA38F2C9F0}.Preview|ARM64.ActiveCfg = Release|x64
		{3E0E8608-CD9B-4C76-AF33-29CA38F2C9F0}.Preview|ARM64.Build.0 = Release|x64
		{3E0E8608-CD9B-4C76-AF33-29CA38F2C9F0}.Preview|x64.ActiveCfg = Release|x64
		{3E0E8608-CD9B-4C76-AF33-29CA38F2C9F0}.Preview|x64.Build.0 = Release|x64
		{3E0E8608-CD9B-4C76-AF33-29CA38F2C9F0}.Preview|x86.ActiveCfg = Release|Win32
		{3E0E8608-CD9B-4C76-AF33-29CA38F2C9F0}.Preview|x86.Build.0 = Release|Win32
		{3E0E8608-CD9B-4C76-AF33-29CA38F2C9F0}.Release_Low|ARM.ActiveCfg = Release|x64
		{3E0E8608-CD9B-4C76-AF33-29CA38F2C9F0}.Release_Low|ARM.Build.0 = Release|x64
		{3E0E8608-CD9B-4C76-AF33-29CA38F2C9F0}.Release_Low|ARM64.ActiveCfg = Release|x64
		{3E0E8608-CD9B-4C76-AF33-29CA38F2C9F0}.Release_Low|ARM64.Build.0 = Release|x64
		{3E0E8608-CD9B-4C76-AF33-29CA38F2C9F0}.Release_Low|x64.ActiveCfg = Release|x64
		{3E0E8608-CD9B-4C76-AF33-29CA38F2C9F0}.Release_Low|x64.Build.0 = Release|x64
		{3E0E8608-CD9B-4C76-AF33-29CA38F2C9F0}.Release_Low|x86.ActiveCfg = Release|Win32
		{3E0E8608-CD9B-4C76-AF33-29CA38F2C9F0}.Release_Low|x86.Build.0 = Release|Win32
		{3E0E8608-CD9B-4C76-AF33-29CA38F2C9F0}.Release_Middle|ARM.ActiveCfg = Release|x64
		{3E0E8608-CD9B-4C76-AF33-29CA38F2C9F0}.Release_Middle|ARM.Build.0 = Release|x64
		{3E0E8608-CD9B-4C76-AF33-29CA38F2C9F0}.Release_Middle|ARM64.ActiveCfg = Release|x64
		{3E0E8608-CD9B-4C76-AF33-29CA38F2C9F0}.Release_Middle|ARM64.Build.0 = Release|x64
		{3E0E8608-CD9B-4C76-AF33-29CA38F2C9F0}.Release_Middle|x64.ActiveCfg = Release|x64
		{3E0E8608-CD9B-4C76-AF33-29CA38F2C9F0}.Release_Middle|x64.Build.0 = Release|x64
		{3E0E8608-CD9B-4C76-AF33-29CA38F2C9F0}.Release_Middle|x86.ActiveCfg = Release|Win32
		{3E0E8608-CD9B-4C76-AF33-29CA38F2C9F0}.Release_Middle|x86.Build.0 = Release|Win32
		{3E0E8608-CD9B-4C76-AF33-29CA38F2C9F0}.Release|ARM.ActiveCfg = Release|Win32
		{3E0E8608-CD9B-4C76-AF33-29CA38F2C9F0}.Release|ARM64.ActiveCfg = Release|Win32
		{3E0E8608-CD9B-4C76-AF33-29CA38F2C9F0}.Release|x64.ActiveCfg = Release|x64
		{3E0E8608-CD9B-4C76-AF33-29CA38F2C9F0}.Release|x64.Build.0 = Release|x64
		{3E0E8608-CD9B-4C76-AF33-29CA38F2C9F0}.Release|x86.ActiveCfg = Release|Win32
		{3E0E8608-CD9B-4C76-AF33-29CA38F2C9F0}.Release|x86.Build.0 = Release|Win32
		{3E0E8608-CD9B-4C76-AF33-29CA38F2C9F0}.RelWithDebInfo|ARM.ActiveCfg = Release|x64
		{3E0E8608-CD9B-4C76-AF33-29CA38F2C9F0}.RelWithDebInfo|ARM.Build.0 = Release|x64
		{3E0E8608-CD9B-4C76-AF33-29CA38F2C9F0}.RelWithDebInfo|ARM64.ActiveCfg = Release|x64
		{3E0E8608-CD9B-4C76-AF33-29CA38F2C9F0}.RelWithDebInfo|ARM64.Build.0 = Release|x64
		{3E0E8608-CD9B-4C76-AF33-29CA38F2C9F0}.RelWithDebInfo|x64.ActiveCfg = Release|x64
		{3E0E8608-CD9B-4C76-AF33-29CA38F2C9F0}.RelWithDebInfo|x64.Build.0 = Release|x64
		{3E0E8608-CD9B-4C76-AF33-29CA38F2C9F0}.RelWithDebInfo|x86.ActiveCfg = Release|Win32
		{3E0E8608-CD9B-4C76-AF33-29CA38F2C9F0}.RelWithDebInfo|x86.Build.0 = Release|Win32
		{28EF574A-84DB-3CB0-9B45-DB3545B2D05C}.Debug_Low|ARM.ActiveCfg = Debug_Low|Win32
		{28EF574A-84DB-3CB0-9B45-DB3545B2D05C}.Debug_Low|ARM64.ActiveCfg = Debug_Low|Win32
		{28EF574A-84DB-3CB0-9B45-DB3545B2D05C}.Debug_Low|x64.ActiveCfg = Debug_Low|x64
		{28EF574A-84DB-3CB0-9B45-DB3545B2D05C}.Debug_Low|x64.Build.0 = Debug_Low|x64
		{28EF574A-84DB-3CB0-9B45-DB3545B2D05C}.Debug_Low|x86.ActiveCfg = Debug_Low|Win32
		{28EF574A-84DB-3CB0-9B45-DB3545B2D05C}.Debug_Low|x86.Build.0 = Debug_Low|Win32
		{28EF574A-84DB-3CB0-9B45-DB3545B2D05C}.Debug_Middle|ARM.ActiveCfg = Debug_Middle|Win32
		{28EF574A-84DB-3CB0-9B45-DB3545B2D05C}.Debug_Middle|ARM64.ActiveCfg = Debug_Middle|Win32
		{28EF574A-84DB-3CB0-9B45-DB3545B2D05C}.Debug_Middle|x64.ActiveCfg = Debug_Middle|x64
		{28EF574A-84DB-3CB0-9B45-DB3545B2D05C}.Debug_Middle|x64.Build.0 = Debug_Middle|x64
		{28EF574A-84DB-3CB0-9B45-DB3545B2D05C}.Debug_Middle|x86.ActiveCfg = Debug_Middle|Win32
		{28EF574A-84DB-3CB0-9B45-DB3545B2D05C}.Debug_Middle|x86.Build.0 = Debug_Middle|Win32
		{28EF574A-84DB-3CB0-9B45-DB3545B2D05C}.Debug|ARM.ActiveCfg = Debug|Win32
		{28EF574A-84DB-3CB0-9B45-DB3545B2D05C}.Debug|ARM64.ActiveCfg = Debug|Win32
		{28EF574A-84DB-3CB0-9B45-DB3545B2D05C}.Debug|x64.ActiveCfg = Debug|x64
		{28EF574A-84DB-3CB0-9B45-DB3545B2D05C}.Debug|x64.Build.0 = Debug|x64
		{28EF574A-84DB-3CB0-9B45-DB3545B2D05C}.Debug|x86.ActiveCfg = Debug|Win32
		{28EF574A-84DB-3CB0-9B45-DB3545B2D05C}.Debug|x86.Build.0 = Debug|Win32
		{28EF574A-84DB-3CB0-9B45-DB3545B2D05C}.MinSizeRel|ARM.ActiveCfg = MinSizeRel|Win32
		{28EF574A-84DB-3CB0-9B45-DB3545B2D05C}.MinSizeRel|ARM64.ActiveCfg = MinSizeRel|Win32
		{28EF574A-84DB-3CB0-9B45-DB3545B2D05C}.MinSizeRel|x64.ActiveCfg = MinSizeRel|x64
		{28EF574A-84DB-3CB0-9B45-DB3545B2D05C}.MinSizeRel|x64.Build.0 = MinSizeRel|x64
		{28EF574A-84DB-3CB0-9B45-DB3545B2D05C}.MinSizeRel|x86.ActiveCfg = MinSizeRel|Win32
		{28EF574A-84DB-3CB0-9B45-DB3545B2D05C}.MinSizeRel|x86.Build.0 = MinSizeRel|Win32
		{28EF574A-84DB-3CB0-9B45-DB3545B2D05C}.Preview_Low|ARM.ActiveCfg = Preview_Low|Win32
		{28EF574A-84DB-3CB0-9B45-DB3545B2D05C}.Preview_Low|ARM64.ActiveCfg = Preview_Low|Win32
		{28EF574A-84DB-3CB0-9B45-DB3545B2D05C}.Preview_Low|x64.ActiveCfg = Preview_Low|x64
		{28EF574A-84DB-3CB0-9B45-DB3545B2D05C}.Preview_Low|x64.Build.0 = Preview_Low|x64
		{28EF574A-84DB-3CB0-9B45-DB3545B2D05C}.Preview_Low|x86.ActiveCfg = Preview_Low|Win32
		{28EF574A-84DB-3CB0-9B45-DB3545B2D05C}.Preview_Low|x86.Build.0 = Preview_Low|Win32
		{28EF574A-84DB-3CB0-9B45-DB3545B2D05C}.Preview_Middle|ARM.ActiveCfg = Preview_Middle|Win32
		{28EF574A-84DB-3CB0-9B45-DB3545B2D05C}.Preview_Middle|ARM64.ActiveCfg = Preview_Middle|Win32
		{28EF574A-84DB-3CB0-9B45-DB3545B2D05C}.Preview_Middle|x64.ActiveCfg = Preview_Middle|x64
		{28EF574A-84DB-3CB0-9B45-DB3545B2D05C}.Preview_Middle|x64.Build.0 = Preview_Middle|x64
		{28EF574A-84DB-3CB0-9B45-DB3545B2D05C}.Preview_Middle|x86.ActiveCfg = Preview_Middle|Win32
		{28EF574A-84DB-3CB0-9B45-DB3545B2D05C}.Preview_Middle|x86.Build.0 = Preview_Middle|Win32
		{28EF574A-84DB-3CB0-9B45-DB3545B2D05C}.Preview|ARM.ActiveCfg = Preview|Win32
		{28EF574A-84DB-3CB0-9B45-DB3545B2D05C}.Preview|ARM64.ActiveCfg = Preview|Win32
		{28EF574A-84DB-3CB0-9B45-DB3545B2D05C}.Preview|x64.ActiveCfg = Preview|x64
		{28EF574A-84DB-3CB0-9B45-DB3545B2D05C}.Preview|x64.Build.0 = Preview|x64
		{28EF574A-84DB-3CB0-9B45-DB3545B2D05C}.Preview|x86.ActiveCfg = Preview|Win32
		{28EF574A-84DB-3CB0-9B45-DB3545B2D05C}.Preview|x86.Build.0 = Preview|Win32
		{28EF574A-84DB-3CB0-9B45-DB3545B2D05C}.Release_Low|ARM.ActiveCfg = Release_Low|Win32
		{28EF574A-84DB-3CB0-9B45-DB3545B2D05C}.Release_Low|ARM64.ActiveCfg = Release_Low|Win32
		{28EF574A-84DB-3CB0-9B45-DB3545B2D05C}.Release_Low|x64.ActiveCfg = Release_Low|x64
		{28EF574A-84DB-3CB0-9B45-DB3545B2D05C}.Release_Low|x64.Build.0 = Release_Low|x64
		{28EF574A-84DB-3CB0-9B45-DB3545B2D05C}.Release_Low|x86.ActiveCfg = Release_Low|Win32
		{28EF574A-84DB-3CB0-9B45-DB3545B2D05C}.Release_Low|x86.Build.0 = Release_Low|Win32
		{28EF574A-84DB-3CB0-9B45-DB3545B2D05C}.Release_Middle|ARM.ActiveCfg = Release_Middle|Win32
		{28EF574A-84DB-3CB0-9B45-DB3545B2D05C}.Release_Middle|ARM64.ActiveCfg = Release_Middle|Win32
		{28EF574A-84DB-3CB0-9B45-DB3545B2D05C}.Release_Middle|x64.ActiveCfg = Release_Middle|x64
		{28EF574A-84DB-3CB0-9B45-DB3545B2D05C}.Release_Middle|x64.Build.0 = Release_Middle|x64
		{28EF574A-84DB-3CB0-9B45-DB3545B2D05C}.Release_Middle|x86.ActiveCfg = Release_Middle|Win32
		{28EF574A-84DB-3CB0-9B45-DB3545B2D05C}.Release_Middle|x86.Build.0 = Release_Middle|Win32
		{28EF574A-84DB-3CB0-9B45-DB3545B2D05C}.Release|ARM.ActiveCfg = Release|Win32
		{28EF574A-84DB-3CB0-9B45-DB3545B2D05C}.Release|ARM64.ActiveCfg = Release|Win32
		{28EF574A-84DB-3CB0-9B45-DB3545B2D05C}.Release|x64.ActiveCfg = Release|x64
		{28EF574A-84DB-3CB0-9B45-DB3545B2D05C}.Release|x64.Build.0 = Release|x64
		{28EF574A-84DB-3CB0-9B45-DB3545B2D05C}.Release|x86.ActiveCfg = Release|Win32
		{28EF574A-84DB-3CB0-9B45-DB3545B2D05C}.Release|x86.Build.0 = Release|Win32
		{28EF574A-84DB-3CB0-9B45-DB3545B2D05C}.RelWithDebInfo|ARM.ActiveCfg = RelWithDebInfo|Win32
		{28EF574A-84DB-3CB0-9B45-DB3545B2D05C}.RelWithDebInfo|ARM64.ActiveCfg = RelWithDebInfo|Win32
		{28EF574A-84DB-3CB0-9B45-DB3545B2D05C}.RelWithDebInfo|x64.ActiveCfg = RelWithDebInfo|x64
		{28EF574A-84DB-3CB0-9B45-DB3545B2D05C}.RelWithDebInfo|x64.Build.0 = RelWithDebInfo|x64
		{28EF574A-84DB-3CB0-9B45-DB3545B2D05C}.RelWithDebInfo|x86.ActiveCfg = RelWithDebInfo|Win32
		{28EF574A-84DB-3CB0-9B45-DB3545B2D05C}.RelWithDebInfo|x86.Build.0 = RelWithDebInfo|Win32
		{9BF1ADF3-EB57-35E8-B156-ADE8FFC7E2F0}.Debug_Low|ARM.ActiveCfg = Debug_Low|Win32
		{9BF1ADF3-EB57-35E8-B156-ADE8FFC7E2F0}.Debug_Low|ARM64.ActiveCfg = Debug_Low|Win32
		{9BF1ADF3-EB57-35E8-B156-ADE8FFC7E2F0}.Debug_Low|x64.ActiveCfg = Debug_Low|x64
		{9BF1ADF3-EB57-35E8-B156-ADE8FFC7E2F0}.Debug_Low|x64.Build.0 = Debug_Low|x64
		{9BF1ADF3-EB57-35E8-B156-ADE8FFC7E2F0}.Debug_Low|x86.ActiveCfg = Debug_Low|Win32
		{9BF1ADF3-EB57-35E8-B156-ADE8FFC7E2F0}.Debug_Low|x86.Build.0 = Debug_Low|Win32
		{9BF1ADF3-EB57-35E8-B156-ADE8FFC7E2F0}.Debug_Middle|ARM.ActiveCfg = Debug_Middle|Win32
		{9BF1ADF3-EB57-35E8-B156-ADE8FFC7E2F0}.Debug_Middle|ARM64.ActiveCfg = Debug_Middle|Win32
		{9BF1ADF3-EB57-35E8-B156-ADE8FFC7E2F0}.Debug_Middle|x64.ActiveCfg = Debug_Middle|x64
		{9BF1ADF3-EB57-35E8-B156-ADE8FFC7E2F0}.Debug_Middle|x64.Build.0 = Debug_Middle|x64
		{9BF1ADF3-EB57-35E8-B156-ADE8FFC7E2F0}.Debug_Middle|x86.ActiveCfg = Debug_Middle|Win32
		{9BF1ADF3-EB57-35E8-B156-ADE8FFC7E2F0}.Debug_Middle|x86.Build.0 = Debug_Middle|Win32
		{9BF1ADF3-EB57-35E8-B156-ADE8FFC7E2F0}.Debug|ARM.ActiveCfg = Debug|Win32
		{9BF1ADF3-EB57-35E8-B156-ADE8FFC7E2F0}.Debug|ARM64.ActiveCfg = Debug|Win32
		{9BF1ADF3-EB57-35E8-B156-ADE8FFC7E2F0}.Debug|x64.ActiveCfg = Debug|x64
		{9BF1ADF3-EB57-35E8-B156-ADE8FFC7E2F0}.Debug|x64.Build.0 = Debug|x64
		{9BF1ADF3-EB57-35E8-B156-ADE8FFC7E2F0}.Debug|x86.ActiveCfg = Debug|Win32
		{9BF1ADF3-EB57-35E8-B156-ADE8FFC7E2F0}.Debug|x86.Build.0 = Debug|Win32
		{9BF1ADF3-EB57-35E8-B156-ADE8FFC7E2F0}.MinSizeRel|ARM.ActiveCfg = MinSizeRel|Win32
		{9BF1ADF3-EB57-35E8-B156-ADE8FFC7E2F0}.MinSizeRel|ARM64.ActiveCfg = MinSizeRel|Win32
		{9BF1ADF3-EB57-35E8-B156-ADE8FFC7E2F0}.MinSizeRel|x64.ActiveCfg = MinSizeRel|x64
		{9BF1ADF3-EB57-35E8-B156-ADE8FFC7E2F0}.MinSizeRel|x64.Build.0 = MinSizeRel|x64
		{9BF1ADF3-EB57-35E8-B156-ADE8FFC7E2F0}.MinSizeRel|x86.ActiveCfg = MinSizeRel|Win32
		{9BF1ADF3-EB57-35E8-B156-ADE8FFC7E2F0}.MinSizeRel|x86.Build.0 = MinSizeRel|Win32
		{9BF1ADF3-EB57-35E8-B156-ADE8FFC7E2F0}.Preview_Low|ARM.ActiveCfg = Preview_Low|Win32
		{9BF1ADF3-EB57-35E8-B156-ADE8FFC7E2F0}.Preview_Low|ARM64.ActiveCfg = Preview_Low|Win32
		{9BF1ADF3-EB57-35E8-B156-ADE8FFC7E2F0}.Preview_Low|x64.ActiveCfg = Preview_Low|x64
		{9BF1ADF3-EB57-35E8-B156-ADE8FFC7E2F0}.Preview_Low|x64.Build.0 = Preview_Low|x64
		{9BF1ADF3-EB57-35E8-B156-ADE8FFC7E2F0}.Preview_Low|x86.ActiveCfg = Preview_Low|Win32
		{9BF1ADF3-EB57-35E8-B156-ADE8FFC7E2F0}.Preview_Low|x86.Build.0 = Preview_Low|Win32
		{9BF1ADF3-EB57-35E8-B156-ADE8FFC7E2F0}.Preview_Middle|ARM.ActiveCfg = Preview_Middle|Win32
		{9BF1ADF3-EB57-35E8-B156-ADE8FFC7E2F0}.Preview_Middle|ARM64.ActiveCfg = Preview_Middle|Win32
		{9BF1ADF3-EB57-35E8-B156-ADE8FFC7E2F0}.Preview_Middle|x64.ActiveCfg = Preview_Middle|x64
		{9BF1ADF3-EB57-35E8-B156-ADE8FFC7E2F0}.Preview_Middle|x64.Build.0 = Preview_Middle|x64
		{9BF1ADF3-EB57-35E8-B156-ADE8FFC7E2F0}.Preview_Middle|x86.ActiveCfg = Preview_Middle|Win32
		{9BF1ADF3-EB57-35E8-B156-ADE8FFC7E2F0}.Preview_Middle|x86.Build.0 = Preview_Middle|Win32
		{9BF1ADF3-EB57-35E8-B156-ADE8FFC7E2F0}.Preview|ARM.ActiveCfg = Preview|Win32
		{9BF1ADF3-EB57-35E8-B156-ADE8FFC7E2F0}.Preview|ARM64.ActiveCfg = Preview|Win32
		{9BF1ADF3-EB57-35E8-B156-ADE8FFC7E2F0}.Preview|x64.ActiveCfg = Preview|x64
		{9BF1ADF3-EB57-35E8-B156-ADE8FFC7E2F0}.Preview|x64.Build.0 = Preview|x64
		{9BF1ADF3-EB57-35E8-B156-ADE8FFC7E2F0}.Preview|x86.ActiveCfg = Preview|Win32
		{9BF1ADF3-EB57-35E8-B156-ADE8FFC7E2F0}.Preview|x86.Build.0 = Preview|Win32
		{9BF1ADF3-EB57-35E8-B156-ADE8FFC7E2F0}.Release_Low|ARM.ActiveCfg = Release_Low|Win32
		{9BF1ADF3-EB57-35E8-B156-ADE8FFC7E2F0}.Release_Low|ARM64.ActiveCfg = Release_Low|Win32
		{9BF1ADF3-EB57-35E8-B156-ADE8FFC7E2F0}.Release_Low|x64.ActiveCfg = Release_Low|x64
		{9BF1ADF3-EB57-35E8-B156-ADE8FFC7E2F0}.Release_Low|x64.Build.0 = Release_Low|x64
		{9BF1ADF3-EB57-35E8-B156-ADE8FFC7E2F0}.Release_Low|x86.ActiveCfg = Release_Low|Win32
		{9BF1ADF3-EB57-35E8-B156-ADE8FFC7E2F0}.Release_Low|x86.Build.0 = Release_Low|Win32
		{9BF1ADF3-EB57-35E8-B156-ADE8FFC7E2F0}.Release_Middle|ARM.ActiveCfg = Release_Middle|Win32
		{9BF1ADF3-EB57-35E8-B156-ADE8FFC7E2F0}.Release_Middle|ARM64.ActiveCfg = Release_Middle|Win32
		{9BF1ADF3-EB57-35E8-B156-ADE8FFC7E2F0}.Release_Middle|x64.ActiveCfg = Release_Middle|x64
		{9BF1ADF3-EB57-35E8-B156-ADE8FFC7E2F0}.Release_Middle|x64.Build.0 = Release_Middle|x64
		{9BF1ADF3-EB57-35E8-B156-ADE8FFC7E2F0}.Release_Middle|x86.ActiveCfg = Release_Middle|Win32
		{9BF1ADF3-EB57-35E8-B156-ADE8FFC7E2F0}.Release_Middle|x86.Build.0 = Release_Middle|Win32
		{9BF1ADF3-EB57-35E8-B156-ADE8FFC7E2F0}.Release|ARM.ActiveCfg = Release|Win32
		{9BF1ADF3-EB57-35E8-B156-ADE8FFC7E2F0}.Release|ARM64.ActiveCfg = Release|Win32
		{9BF1ADF3-EB57-35E8-B156-ADE8FFC7E2F0}.Release|x64.ActiveCfg = Release|x64
		{9BF1ADF3-EB57-35E8-B156-ADE8FFC7E2F0}.Release|x64.Build.0 = Release|x64
		{9BF1ADF3-EB57-35E8-B156-ADE8FFC7E2F0}.Release|x86.ActiveCfg = Release|Win32
		{9BF1ADF3-EB57-35E8-B156-ADE8FFC7E2F0}.Release|x86.Build.0 = Release|Win32
		{9BF1ADF3-EB57-35E8-B156-ADE8FFC7E2F0}.RelWithDebInfo|ARM.ActiveCfg = RelWithDebInfo|Win32
		{9BF1ADF3-EB57-35E8-B156-ADE8FFC7E2F0}.RelWithDebInfo|ARM64.ActiveCfg = RelWithDebInfo|Win32
		{9BF1ADF3-EB57-35E8-B156-ADE8FFC7E2F0}.RelWithDebInfo|x64.ActiveCfg = RelWithDebInfo|x64
		{9BF1ADF3-EB57-35E8-B156-ADE8FFC7E2F0}.RelWithDebInfo|x64.Build.0 = RelWithDebInfo|x64
		{9BF1ADF3-EB57-35E8-B156-ADE8FFC7E2F0}.RelWithDebInfo|x86.ActiveCfg = RelWithDebInfo|Win32
		{9BF1ADF3-EB57-35E8-B156-ADE8FFC7E2F0}.RelWithDebInfo|x86.Build.0 = RelWithDebInfo|Win32
		{4DCE52A5-106C-3D94-815D-C8EBC6133B5E}.Debug_Low|ARM.ActiveCfg = Debug_Low|Win32
		{4DCE52A5-106C-3D94-815D-C8EBC6133B5E}.Debug_Low|ARM64.ActiveCfg = Debug_Low|Win32
		{4DCE52A5-106C-3D94-815D-C8EBC6133B5E}.Debug_Low|x64.ActiveCfg = Debug_Low|x64
		{4DCE52A5-106C-3D94-815D-C8EBC6133B5E}.Debug_Low|x64.Build.0 = Debug_Low|x64
		{4DCE52A5-106C-3D94-815D-C8EBC6133B5E}.Debug_Low|x86.ActiveCfg = Debug_Low|Win32
		{4DCE52A5-106C-3D94-815D-C8EBC6133B5E}.Debug_Low|x86.Build.0 = Debug_Low|Win32
		{4DCE52A5-106C-3D94-815D-C8EBC6133B5E}.Debug_Middle|ARM.ActiveCfg = Debug_Middle|Win32
		{4DCE52A5-106C-3D94-815D-C8EBC6133B5E}.Debug_Middle|ARM64.ActiveCfg = Debug_Middle|Win32
		{4DCE52A5-106C-3D94-815D-C8EBC6133B5E}.Debug_Middle|x64.ActiveCfg = Debug_Middle|x64
		{4DCE52A5-106C-3D94-815D-C8EBC6133B5E}.Debug_Middle|x64.Build.0 = Debug_Middle|x64
		{4DCE52A5-106C-3D94-815D-C8EBC6133B5E}.Debug_Middle|x86.ActiveCfg = Debug_Middle|Win32
		{4DCE52A5-106C-3D94-815D-C8EBC6133B5E}.Debug_Middle|x86.Build.0 = Debug_Middle|Win32
		{4DCE52A5-106C-3D94-815D-C8EBC6133B5E}.Debug|ARM.ActiveCfg = Debug|Win32
		{4DCE52A5-106C-3D94-815D-C8EBC6133B5E}.Debug|ARM64.ActiveCfg = Debug|Win32
		{4DCE52A5-106C-3D94-815D-C8EBC6133B5E}.Debug|x64.ActiveCfg = Debug|x64
		{4DCE52A5-106C-3D94-815D-C8EBC6133B5E}.Debug|x64.Build.0 = Debug|x64
		{4DCE52A5-106C-3D94-815D-C8EBC6133B5E}.Debug|x86.ActiveCfg = Debug|Win32
		{4DCE52A5-106C-3D94-815D-C8EBC6133B5E}.Debug|x86.Build.0 = Debug|Win32
		{4DCE52A5-106C-3D94-815D-C8EBC6133B5E}.MinSizeRel|ARM.ActiveCfg = MinSizeRel|Win32
		{4DCE52A5-106C-3D94-815D-C8EBC6133B5E}.MinSizeRel|ARM64.ActiveCfg = MinSizeRel|Win32
		{4DCE52A5-106C-3D94-815D-C8EBC6133B5E}.MinSizeRel|x64.ActiveCfg = MinSizeRel|x64
		{4DCE52A5-106C-3D94-815D-C8EBC6133B5E}.MinSizeRel|x64.Build.0 = MinSizeRel|x64
		{4DCE52A5-106C-3D94-815D-C8EBC6133B5E}.MinSizeRel|x86.ActiveCfg = MinSizeRel|Win32
		{4DCE52A5-106C-3D94-815D-C8EBC6133B5E}.MinSizeRel|x86.Build.0 = MinSizeRel|Win32
		{4DCE52A5-106C-3D94-815D-C8EBC6133B5E}.Preview_Low|ARM.ActiveCfg = Preview_Low|Win32
		{4DCE52A5-106C-3D94-815D-C8EBC6133B5E}.Preview_Low|ARM64.ActiveCfg = Preview_Low|Win32
		{4DCE52A5-106C-3D94-815D-C8EBC6133B5E}.Preview_Low|x64.ActiveCfg = Preview_Low|x64
		{4DCE52A5-106C-3D94-815D-C8EBC6133B5E}.Preview_Low|x64.Build.0 = Preview_Low|x64
		{4DCE52A5-106C-3D94-815D-C8EBC6133B5E}.Preview_Low|x86.ActiveCfg = Preview_Low|Win32
		{4DCE52A5-106C-3D94-815D-C8EBC6133B5E}.Preview_Low|x86.Build.0 = Preview_Low|Win32
		{4DCE52A5-106C-3D94-815D-C8EBC6133B5E}.Preview_Middle|ARM.ActiveCfg = Preview_Middle|Win32
		{4DCE52A5-106C-3D94-815D-C8EBC6133B5E}.Preview_Middle|ARM64.ActiveCfg = Preview_Middle|Win32
		{4DCE52A5-106C-3D94-815D-C8EBC6133B5E}.Preview_Middle|x64.ActiveCfg = Preview_Middle|x64
		{4DCE52A5-106C-3D94-815D-C8EBC6133B5E}.Preview_Middle|x64.Build.0 = Preview_Middle|x64
		{4DCE52A5-106C-3D94-815D-C8EBC6133B5E}.Preview_Middle|x86.ActiveCfg = Preview_Middle|Win32
		{4DCE52A5-106C-3D94-815D-C8EBC6133B5E}.Preview_Middle|x86.Build.0 = Preview_Middle|Win32
		{4DCE52A5-106C-3D94-815D-C8EBC6133B5E}.Preview|ARM.ActiveCfg = Preview|Win32
		{4DCE52A5-106C-3D94-815D-C8EBC6133B5E}.Preview|ARM64.ActiveCfg = Preview|Win32
		{4DCE52A5-106C-3D94-815D-C8EBC6133B5E}.Preview|x64.ActiveCfg = Preview|x64
		{4DCE52A5-106C-3D94-815D-C8EBC6133B5E}.Preview|x64.Build.0 = Preview|x64
		{4DCE52A5-106C-3D94-815D-C8EBC6133B5E}.Preview|x86.ActiveCfg = Preview|Win32
		{4DCE52A5-106C-3D94-815D-C8EBC6133B5E}.Preview|x86.Build.0 = Preview|Win32
		{4DCE52A5-106C-3D94-815D-C8EBC6133B5E}.Release_Low|ARM.ActiveCfg = Release_Low|Win32
		{4DCE52A5-106C-3D94-815D-C8EBC6133B5E}.Release_Low|ARM64.ActiveCfg = Release_Low|Win32
		{4DCE52A5-106C-3D94-815D-C8EBC6133B5E}.Release_Low|x64.ActiveCfg = Release_Low|x64
		{4DCE52A5-106C-3D94-815D-C8EBC6133B5E}.Release_Low|x64.Build.0 = Release_Low|x64
		{4DCE52A5-106C-3D94-815D-C8EBC6133B5E}.Release_Low|x86.ActiveCfg = Release_Low|Win32
		{4DCE52A5-106C-3D94-815D-C8EBC6133B5E}.Release_Low|x86.Build.0 = Release_Low|Win32
		{4DCE52A5-106C-3D94-815D-C8EBC6133B5E}.Release_Middle|ARM.ActiveCfg = Release_Middle|Win32
		{4DCE52A5-106C-3D94-815D-C8EBC6133B5E}.Release_Middle|ARM64.ActiveCfg = Release_Middle|Win32
		{4DCE52A5-106C-3D94-815D-C8EBC6133B5E}.Release_Middle|x64.ActiveCfg = Release_Middle|x64
		{4DCE52A5-106C-3D94-815D-C8EBC6133B5E}.Release_Middle|x64.Build.0 = Release_Middle|x64
		{4DCE52A5-106C-3D94-815D-C8EBC6133B5E}.Release_Middle|x86.ActiveCfg = Release_Middle|Win32
		{4DCE52A5-106C-3D94-815D-C8EBC6133B5E}.Release_Middle|x86.Build.0 = Release_Middle|Win32
		{4DCE52A5-106C-3D94-815D-C8EBC6133B5E}.Release|ARM.ActiveCfg = Release|Win32
		{4DCE52A5-106C-3D94-815D-C8EBC6133B5E}.Release|ARM64.ActiveCfg = Release|Win32
		{4DCE52A5-106C-3D94-815D-C8EBC6133B5E}.Release|x64.ActiveCfg = Release|x64
		{4DCE52A5-106C-3D94-815D-C8EBC6133B5E}.Release|x64.Build.0 = Release|x64
		{4DCE52A5-106C-3D94-815D-C8EBC6133B5E}.Release|x86.ActiveCfg = Release|Win32
		{4DCE52A5-106C-3D94-815D-C8EBC6133B5E}.Release|x86.Build.0 = Release|Win32
		{4DCE52A5-106C-3D94-815D-C8EBC6133B5E}.RelWithDebInfo|ARM.ActiveCfg = RelWithDebInfo|Win32
		{4DCE52A5-106C-3D94-815D-C8EBC6133B5E}.RelWithDebInfo|ARM64.ActiveCfg = RelWithDebInfo|Win32
		{4DCE52A5-106C-3D94-815D-C8EBC6133B5E}.RelWithDebInfo|x64.ActiveCfg = RelWithDebInfo|x64
		{4DCE52A5-106C-3D94-815D-C8EBC6133B5E}.RelWithDebInfo|x64.Build.0 = RelWithDebInfo|x64
		{4DCE52A5-106C-3D94-815D-C8EBC6133B5E}.RelWithDebInfo|x86.ActiveCfg = RelWithDebInfo|Win32
		{4DCE52A5-106C-3D94-815D-C8EBC6133B5E}.RelWithDebInfo|x86.Build.0 = RelWithDebInfo|Win32
	EndGlobalSection
	GlobalSection(SolutionProperties) = preSolution
		HideSolutionNode = FALSE
	EndGlobalSection
	GlobalSection(ExtensibilityGlobals) = postSolution
		SolutionGuid = {F536F706-1415-461C-81B5-8C58D1AD62CF}
	EndGlobalSection
EndGlobal
