<?xml version="1.0" encoding="utf-8"?>
<Project ToolsVersion="4.0" xmlns="http://schemas.microsoft.com/developer/msbuild/2003">
  <ItemGroup>
    <ClInclude Include="PreCompile.h" />
    <ClInclude Include="UsualEngine.h" />
    <ClInclude Include="d3dx12.h" />
    <ClInclude Include="Graphics\RenderContext_inline.h">
      <Filter>Graphics</Filter>
    </ClInclude>
    <ClInclude Include="Graphics\RenderTarget.h">
      <Filter>Graphics</Filter>
    </ClInclude>
    <ClInclude Include="Graphics\RootSignature.h">
      <Filter>Graphics</Filter>
    </ClInclude>
    <ClInclude Include="Graphics\RWStructuredBuffer.h">
      <Filter>Graphics</Filter>
    </ClInclude>
    <ClInclude Include="Graphics\Shader.h">
      <Filter>Graphics</Filter>
    </ClInclude>
    <ClInclude Include="Graphics\StructuredBuffer.h">
      <Filter>Graphics</Filter>
    </ClInclude>
    <ClInclude Include="Graphics\VertexBuffer.h">
      <Filter>Graphics</Filter>
    </ClInclude>
    <ClInclude Include="Graphics\Camera.h">
      <Filter>Graphics</Filter>
    </ClInclude>
    <ClInclude Include="Graphics\ConstantBuffer.h">
      <Filter>Graphics</Filter>
    </ClInclude>
    <ClInclude Include="Graphics\DescriptorHeap.h">
      <Filter>Graphics</Filter>
    </ClInclude>
    <ClInclude Include="Graphics\DescriptorHeap_inline.h">
      <Filter>Graphics</Filter>
    </ClInclude>
    <ClInclude Include="Graphics\GraphicsEngine.h">
      <Filter>Graphics</Filter>
    </ClInclude>
    <ClInclude Include="Graphics\IndexBuffer.h">
      <Filter>Graphics</Filter>
    </ClInclude>
    <ClInclude Include="Graphics\IShaderResource.h">
      <Filter>Graphics</Filter>
    </ClInclude>
    <ClInclude Include="Graphics\IUnorderAccessResource.h">
      <Filter>Graphics</Filter>
    </ClInclude>
    <ClInclude Include="Graphics\Material.h">
      <Filter>Graphics</Filter>
    </ClInclude>
    <ClInclude Include="Graphics\PipelineState.h">
      <Filter>Graphics</Filter>
    </ClInclude>
    <ClInclude Include="Graphics\RaytracingEngine.h">
      <Filter>Graphics</Filter>
    </ClInclude>
    <ClInclude Include="Graphics\RenderContext.h">
      <Filter>Graphics</Filter>
    </ClInclude>
    <ClInclude Include="Graphics\Skeleton.h">
      <Filter>Graphics\3D</Filter>
    </ClInclude>
    <ClInclude Include="Graphics\Model.h">
      <Filter>Graphics\3D</Filter>
    </ClInclude>
    <ClInclude Include="Graphics\MeshParts.h">
      <Filter>Graphics\3D</Filter>
    </ClInclude>
    <ClInclude Include="Graphics\Sprite.h">
      <Filter>Graphics\2D</Filter>
    </ClInclude>
    <ClInclude Include="system\system.h">
      <Filter>System</Filter>
    </ClInclude>
    <ClInclude Include="math\Math.h">
      <Filter>Math</Filter>
    </ClInclude>
    <ClInclude Include="math\Matrix.h">
      <Filter>Math</Filter>
    </ClInclude>
    <ClInclude Include="tkFile\TkaFile.h">
      <Filter>TKFile</Filter>
    </ClInclude>
    <ClInclude Include="tkFile\TkmFile.h">
      <Filter>TKFile</Filter>
    </ClInclude>
    <ClInclude Include="tkFile\TksFile.h">
      <Filter>TKFile</Filter>
    </ClInclude>
    <ClInclude Include="HID\GamePad.h">
      <Filter>HID</Filter>
    </ClInclude>
    <ClInclude Include="util\Stopwatch.h">
      <Filter>Util</Filter>
    </ClInclude>
    <ClInclude Include="math\Vector.h">
      <Filter>Math</Filter>
    </ClInclude>
    <ClInclude Include="GameObject\GameObjectManager.h">
      <Filter>GameObject</Filter>
    </ClInclude>
    <ClInclude Include="GameObject\GameObject.h">
      <Filter>GameObject</Filter>
    </ClInclude>
    <ClInclude Include="util\Util.h">
      <Filter>Util</Filter>
    </ClInclude>
    <ClInclude Include="Debug\Debug.h">
      <Filter>Debug</Filter>
    </ClInclude>
    <ClInclude Include="Debug\DebugLog.h">
      <Filter>Debug</Filter>
    </ClInclude>
    <ClInclude Include="Debug\DebugSwitch.h">
      <Filter>Debug</Filter>
    </ClInclude>
    <ClInclude Include="util\GameTime.h">
      <Filter>Util</Filter>
    </ClInclude>
    <ClInclude Include="Graphics\Font.h">
      <Filter>Graphics\2D</Filter>
    </ClInclude>
    <ClInclude Include="Graphics\AnimationClip.h">
      <Filter>Graphics\Animation</Filter>
    </ClInclude>
    <ClInclude Include="Graphics\AnimationPlayController.h">
      <Filter>Graphics\Animation</Filter>
    </ClInclude>
    <ClInclude Include="Graphics\Animation.h">
      <Filter>Graphics\Animation</Filter>
    </ClInclude>
    <ClInclude Include="Resource\IResource.h">
      <Filter>Resource</Filter>
    </ClInclude>
    <ClInclude Include="Debug\DebugPopup.h">
      <Filter>Debug</Filter>
    </ClInclude>
    <ClInclude Include="Graphics\Texture.h">
      <Filter>Graphics\2D</Filter>
    </ClInclude>
    <ClInclude Include="Graphics\ModelRender.h">
      <Filter>Graphics\3D</Filter>
    </ClInclude>
  </ItemGroup>
  <ItemGroup>
    <ClCompile Include="UsualEngine.cpp" />
    <ClCompile Include="Graphics\RenderTarget.cpp">
      <Filter>Graphics</Filter>
    </ClCompile>
    <ClCompile Include="Graphics\RootSignature.cpp">
      <Filter>Graphics</Filter>
    </ClCompile>
    <ClCompile Include="Graphics\RWStructuredBuffer.cpp">
      <Filter>Graphics</Filter>
    </ClCompile>
    <ClCompile Include="Graphics\Shader.cpp">
      <Filter>Graphics</Filter>
    </ClCompile>
    <ClCompile Include="Graphics\StructuredBuffer.cpp">
      <Filter>Graphics</Filter>
    </ClCompile>
    <ClCompile Include="Graphics\VertexBuffer.cpp">
      <Filter>Graphics</Filter>
    </ClCompile>
    <ClCompile Include="Graphics\Camera.cpp">
      <Filter>Graphics</Filter>
    </ClCompile>
    <ClCompile Include="Graphics\ConstantBuffer.cpp">
      <Filter>Graphics</Filter>
    </ClCompile>
    <ClCompile Include="Graphics\DescriptorHeap.cpp">
      <Filter>Graphics</Filter>
    </ClCompile>
    <ClCompile Include="Graphics\GraphicsEngine.cpp">
      <Filter>Graphics</Filter>
    </ClCompile>
    <ClCompile Include="Graphics\IndexBuffer.cpp">
      <Filter>Graphics</Filter>
    </ClCompile>
    <ClCompile Include="Graphics\Material.cpp">
      <Filter>Graphics</Filter>
    </ClCompile>
    <ClCompile Include="Graphics\PipelineState.cpp">
      <Filter>Graphics</Filter>
    </ClCompile>
    <ClCompile Include="Graphics\RaytracingEngine.cpp">
      <Filter>Graphics</Filter>
    </ClCompile>
    <ClCompile Include="Graphics\Skeleton.cpp">
      <Filter>Graphics\3D</Filter>
    </ClCompile>
    <ClCompile Include="Graphics\Model.cpp">
      <Filter>Graphics\3D</Filter>
    </ClCompile>
    <ClCompile Include="Graphics\MeshParts.cpp">
      <Filter>Graphics\3D</Filter>
    </ClCompile>
    <ClCompile Include="Graphics\Sprite.cpp">
      <Filter>Graphics\2D</Filter>
    </ClCompile>
    <ClCompile Include="system\system.cpp">
      <Filter>System</Filter>
    </ClCompile>
    <ClCompile Include="math\Math.cpp">
      <Filter>Math</Filter>
    </ClCompile>
    <ClCompile Include="math\Matrix.cpp">
      <Filter>Math</Filter>
    </ClCompile>
    <ClCompile Include="tkFile\TkaFile.cpp">
      <Filter>TKFile</Filter>
    </ClCompile>
    <ClCompile Include="tkFile\TkmFile.cpp">
      <Filter>TKFile</Filter>
    </ClCompile>
    <ClCompile Include="tkFile\TksFile.cpp">
      <Filter>TKFile</Filter>
    </ClCompile>
    <ClCompile Include="HID\GamePad.cpp">
      <Filter>HID</Filter>
    </ClCompile>
    <ClCompile Include="math\Vector.cpp">
      <Filter>Math</Filter>
    </ClCompile>
    <ClCompile Include="GameObject\GameObject.cpp">
      <Filter>GameObject</Filter>
    </ClCompile>
    <ClCompile Include="GameObject\GameObjectManager.cpp">
      <Filter>GameObject</Filter>
    </ClCompile>
    <ClCompile Include="Debug\DebugLog.cpp">
      <Filter>Debug</Filter>
    </ClCompile>
    <ClCompile Include="Debug\DebugSwitch.cpp">
      <Filter>Debug</Filter>
    </ClCompile>
    <ClCompile Include="Debug\Debug.cpp">
      <Filter>Debug</Filter>
    </ClCompile>
    <ClCompile Include="util\GameTime.cpp">
      <Filter>Util</Filter>
    </ClCompile>
    <ClCompile Include="Graphics\Font.cpp">
      <Filter>Graphics\2D</Filter>
    </ClCompile>
    <ClCompile Include="Graphics\AnimationClip.cpp">
      <Filter>Graphics\Animation</Filter>
    </ClCompile>
    <ClCompile Include="Graphics\AnimationPlayController.cpp">
      <Filter>Graphics\Animation</Filter>
    </ClCompile>
    <ClCompile Include="Graphics\Animation.cpp">
      <Filter>Graphics\Animation</Filter>
    </ClCompile>
    <ClCompile Include="Resource\IResource.cpp">
      <Filter>Resource</Filter>
    </ClCompile>
    <ClCompile Include="Debug\DebugPopup.cpp">
      <Filter>Debug</Filter>
    </ClCompile>
    <ClCompile Include="Graphics\Texture.cpp">
      <Filter>Graphics\2D</Filter>
    </ClCompile>
    <ClCompile Include="util\Stopwatch.cpp">
      <Filter>Util</Filter>
    </ClCompile>
    <ClCompile Include="Graphics\ModelRender.cpp">
      <Filter>Graphics\3D</Filter>
    </ClCompile>
  </ItemGroup>
  <ItemGroup>
    <Filter Include="Graphics">
      <UniqueIdentifier>{09bf8695-dc2c-40ae-8c0b-4383069812b1}</UniqueIdentifier>
    </Filter>
    <Filter Include="Graphics\3D">
      <UniqueIdentifier>{258823d6-8f63-4498-9685-0f5cc750d004}</UniqueIdentifier>
    </Filter>
    <Filter Include="Graphics\2D">
      <UniqueIdentifier>{dc4b4ee4-6297-488b-948e-41427105fda7}</UniqueIdentifier>
    </Filter>
    <Filter Include="System">
      <UniqueIdentifier>{a32f45ba-22a0-4222-b454-d38dbe86c5fb}</UniqueIdentifier>
    </Filter>
    <Filter Include="Math">
      <UniqueIdentifier>{d9c34e91-abdf-46f9-b62c-b19c8d9cf192}</UniqueIdentifier>
    </Filter>
    <Filter Include="Util">
      <UniqueIdentifier>{b2c0e59c-ed8d-43a1-a458-8b7e307c85db}</UniqueIdentifier>
    </Filter>
    <Filter Include="TKFile">
      <UniqueIdentifier>{1cc32e10-dc2f-4307-ad15-14e94f7fceeb}</UniqueIdentifier>
    </Filter>
    <Filter Include="HID">
      <UniqueIdentifier>{52a67455-eb3a-4715-9ff1-c5a9c7f16aba}</UniqueIdentifier>
    </Filter>
    <Filter Include="GameObject">
      <UniqueIdentifier>{62e44687-e3a6-425f-8c8c-8657808b1e54}</UniqueIdentifier>
    </Filter>
    <Filter Include="Debug">
      <UniqueIdentifier>{fa3988c7-3412-4ffc-aa80-217e33b3ddf8}</UniqueIdentifier>
    </Filter>
    <Filter Include="Graphics\Animation">
      <UniqueIdentifier>{93b527c0-02e8-409d-acb6-0e8d4be950ab}</UniqueIdentifier>
    </Filter>
    <Filter Include="Resource">
      <UniqueIdentifier>{d2342c2f-a1ae-416c-a955-ac0ef1398d8f}</UniqueIdentifier>
    </Filter>
    <Filter Include="DLL">
      <UniqueIdentifier>{904ff22b-df7f-4e7d-ab4a-35e19f0793e4}</UniqueIdentifier>
    </Filter>
  </ItemGroup>
  <ItemGroup>
    <CopyFileToFolders Include="dxcompiler.dll">
      <Filter>DLL</Filter>
    </CopyFileToFolders>
    <CopyFileToFolders Include="dxil.dll">
      <Filter>DLL</Filter>
    </CopyFileToFolders>
  </ItemGroup>
</Project>