<?xml version="1.0" encoding="utf-8"?>
<Project ToolsVersion="4.0" xmlns="http://schemas.microsoft.com/developer/msbuild/2003">
  <ItemGroup>
    <ClInclude Include="PreCompile.h" />
    <ClInclude Include="UsualEngine.h" />
    <ClInclude Include="d3dx12.h" />
    <ClInclude Include="Graphics\RenderContext_inline.h">
      <Filter>Graphics</Filter>
    </ClInclude>
    <ClInclude Include="Graphics\RenderTarget.h">
      <Filter>Graphics</Filter>
    </ClInclude>
    <ClInclude Include="Graphics\Shader.h">
      <Filter>Graphics</Filter>
    </ClInclude>
    <ClInclude Include="Graphics\Camera.h">
      <Filter>Graphics</Filter>
    </ClInclude>
    <ClInclude Include="Graphics\GraphicsEngine.h">
      <Filter>Graphics</Filter>
    </ClInclude>
    <ClInclude Include="Graphics\RenderContext.h">
      <Filter>Graphics</Filter>
    </ClInclude>
    <ClInclude Include="Graphics\Skeleton.h">
      <Filter>Graphics\3D</Filter>
    </ClInclude>
    <ClInclude Include="Graphics\Model.h">
      <Filter>Graphics\3D</Filter>
    </ClInclude>
    <ClInclude Include="Graphics\MeshParts.h">
      <Filter>Graphics\3D</Filter>
    </ClInclude>
    <ClInclude Include="Graphics\Sprite.h">
      <Filter>Graphics\2D</Filter>
    </ClInclude>
    <ClInclude Include="system\system.h">
      <Filter>System</Filter>
    </ClInclude>
    <ClInclude Include="math\Math.h">
      <Filter>Math</Filter>
    </ClInclude>
    <ClInclude Include="math\Matrix.h">
      <Filter>Math</Filter>
    </ClInclude>
    <ClInclude Include="tkFile\TkaFile.h">
      <Filter>TKFile</Filter>
    </ClInclude>
    <ClInclude Include="tkFile\TkmFile.h">
      <Filter>TKFile</Filter>
    </ClInclude>
    <ClInclude Include="tkFile\TksFile.h">
      <Filter>TKFile</Filter>
    </ClInclude>
    <ClInclude Include="HID\GamePad.h">
      <Filter>HID</Filter>
    </ClInclude>
    <ClInclude Include="util\Stopwatch.h">
      <Filter>Util</Filter>
    </ClInclude>
    <ClInclude Include="math\Vector.h">
      <Filter>Math</Filter>
    </ClInclude>
    <ClInclude Include="GameObject\GameObjectManager.h">
      <Filter>GameObject</Filter>
    </ClInclude>
    <ClInclude Include="GameObject\GameObject.h">
      <Filter>GameObject</Filter>
    </ClInclude>
    <ClInclude Include="util\Util.h">
      <Filter>Util</Filter>
    </ClInclude>
    <ClInclude Include="Debug\Debug.h">
      <Filter>Debug</Filter>
    </ClInclude>
    <ClInclude Include="Debug\DebugLog.h">
      <Filter>Debug</Filter>
    </ClInclude>
    <ClInclude Include="Debug\DebugSwitch.h">
      <Filter>Debug</Filter>
    </ClInclude>
    <ClInclude Include="util\GameTime.h">
      <Filter>Util</Filter>
    </ClInclude>
    <ClInclude Include="Graphics\Font.h">
      <Filter>Graphics\2D</Filter>
    </ClInclude>
    <ClInclude Include="Graphics\AnimationClip.h">
      <Filter>Graphics\Animation</Filter>
    </ClInclude>
    <ClInclude Include="Graphics\AnimationPlayController.h">
      <Filter>Graphics\Animation</Filter>
    </ClInclude>
    <ClInclude Include="Graphics\Animation.h">
      <Filter>Graphics\Animation</Filter>
    </ClInclude>
    <ClInclude Include="Resource\IResource.h">
      <Filter>Resource</Filter>
    </ClInclude>
    <ClInclude Include="Debug\DebugPopup.h">
      <Filter>Debug</Filter>
    </ClInclude>
    <ClInclude Include="Graphics\Texture.h">
      <Filter>Graphics\2D</Filter>
    </ClInclude>
    <ClInclude Include="Graphics\ModelRender.h">
      <Filter>Graphics\3D</Filter>
    </ClInclude>
    <ClInclude Include="Graphics\BufferEnum.h">
      <Filter>Graphics</Filter>
    </ClInclude>
    <ClInclude Include="Physics\PhysicsDebugDraw.h">
      <Filter>Physics</Filter>
    </ClInclude>
    <ClInclude Include="Physics\PhysicsStaticObject.h">
      <Filter>Physics</Filter>
    </ClInclude>
    <ClInclude Include="Physics\RigidBody.h">
      <Filter>Physics</Filter>
    </ClInclude>
    <ClInclude Include="Physics\SphereCollider.h">
      <Filter>Physics</Filter>
    </ClInclude>
    <ClInclude Include="Physics\BoxCollider.h">
      <Filter>Physics</Filter>
    </ClInclude>
    <ClInclude Include="Physics\CapsuleCollider.h">
      <Filter>Physics</Filter>
    </ClInclude>
    <ClInclude Include="Physics\CollisionAttr.h">
      <Filter>Physics</Filter>
    </ClInclude>
    <ClInclude Include="Physics\ICollider.h">
      <Filter>Physics</Filter>
    </ClInclude>
    <ClInclude Include="Physics\MeshCollider.h">
      <Filter>Physics</Filter>
    </ClInclude>
    <ClInclude Include="Physics\Physics.h">
      <Filter>Physics</Filter>
    </ClInclude>
    <ClInclude Include="Graphics\Primitive.h">
      <Filter>Graphics</Filter>
    </ClInclude>
    <ClInclude Include="Character\CharacterController.h">
      <Filter>Character</Filter>
    </ClInclude>
    <ClInclude Include="Thread\ThreadObject.h">
      <Filter>Thread</Filter>
    </ClInclude>
    <ClInclude Include="Thread\Lock.h">
      <Filter>Thread</Filter>
    </ClInclude>
    <ClInclude Include="Thread\ThreadManager.h">
      <Filter>Thread</Filter>
    </ClInclude>
    <ClInclude Include="Thread\ConstMutex.h">
      <Filter>Thread</Filter>
    </ClInclude>
    <ClInclude Include="tkFile\TkFileManager.h">
      <Filter>TKFile</Filter>
    </ClInclude>
    <ClInclude Include="Graphics\RaytracingInstance.h">
      <Filter>Graphics\_Raytracing</Filter>
    </ClInclude>
    <ClInclude Include="Graphics\RaytracingEngine.h">
      <Filter>Graphics\_Raytracing</Filter>
    </ClInclude>
    <ClInclude Include="Graphics\RaytracingHelper.h">
      <Filter>Graphics\_Raytracing</Filter>
    </ClInclude>
    <ClInclude Include="Graphics\TextureManager.h">
      <Filter>Graphics\2D</Filter>
    </ClInclude>
    <ClInclude Include="level\Level.h">
      <Filter>Level</Filter>
    </ClInclude>
    <ClInclude Include="level\MapChip.h">
      <Filter>Level</Filter>
    </ClInclude>
    <ClInclude Include="Graphics\PostEffect\Bloom.h">
      <Filter>Graphics\PostEffect</Filter>
    </ClInclude>
    <ClInclude Include="Graphics\PostEffect\PostEffect.h">
      <Filter>Graphics\PostEffect</Filter>
    </ClInclude>
    <ClInclude Include="Graphics\TextureCopy.h">
      <Filter>Graphics\TextureEffect</Filter>
    </ClInclude>
    <ClInclude Include="Graphics\GaussBlur.h">
      <Filter>Graphics\TextureEffect</Filter>
    </ClInclude>
    <ClInclude Include="Graphics\Raytracing\RaytracingDescriptorHeaps.h">
      <Filter>Graphics\Raytracing</Filter>
    </ClInclude>
    <ClInclude Include="Graphics\Raytracing\RaytracingEngine.h">
      <Filter>Graphics\Raytracing</Filter>
    </ClInclude>
    <ClInclude Include="Graphics\Raytracing\RaytracingInstance.h">
      <Filter>Graphics\Raytracing</Filter>
    </ClInclude>
    <ClInclude Include="Graphics\Raytracing\RaytracingPSO.h">
      <Filter>Graphics\Raytracing</Filter>
    </ClInclude>
    <ClInclude Include="Graphics\Raytracing\RaytracingShaderTable.h">
      <Filter>Graphics\Raytracing</Filter>
    </ClInclude>
    <ClInclude Include="Graphics\Raytracing\RaytracingWorld.h">
      <Filter>Graphics\Raytracing</Filter>
    </ClInclude>
    <ClInclude Include="Graphics\Raytracing\TLASBuffer.h">
      <Filter>Graphics\Raytracing</Filter>
    </ClInclude>
    <ClInclude Include="Graphics\Raytracing\BLASBuffer.h">
      <Filter>Graphics\Raytracing</Filter>
    </ClInclude>
    <ClInclude Include="Graphics\Raytracing\Raytracing.h">
      <Filter>Graphics\Raytracing</Filter>
    </ClInclude>
    <ClInclude Include="Graphics\SampleSampler.h">
      <Filter>Graphics\Sample</Filter>
    </ClInclude>
    <ClInclude Include="Graphics\Light\LightBase.h">
      <Filter>Graphics\Light</Filter>
    </ClInclude>
    <ClInclude Include="Graphics\Light\LightDirection.h">
      <Filter>Graphics\Light</Filter>
    </ClInclude>
    <ClInclude Include="Graphics\Light\LightManager.h">
      <Filter>Graphics\Light</Filter>
    </ClInclude>
    <ClInclude Include="Graphics\Light\LightPoint.h">
      <Filter>Graphics\Light</Filter>
    </ClInclude>
    <ClInclude Include="Graphics\Light\LightStruct.h">
      <Filter>Graphics\Light</Filter>
    </ClInclude>
    <ClInclude Include="Graphics\SpriteRender.h">
      <Filter>Graphics\2D</Filter>
    </ClInclude>
    <ClInclude Include="Graphics\CommonConstantBufferStruct.h">
      <Filter>Graphics</Filter>
    </ClInclude>
    <ClInclude Include="Graphics\PreRender\PreRender.h">
      <Filter>Graphics\PreRender</Filter>
    </ClInclude>
    <ClInclude Include="Graphics\PreRender\GBuffer.h">
      <Filter>Graphics\PreRender</Filter>
    </ClInclude>
    <ClInclude Include="Graphics\RenderingSituation.h">
      <Filter>Graphics</Filter>
    </ClInclude>
    <ClInclude Include="Graphics\IndexBuffer.h">
      <Filter>Graphics\DXBuffer</Filter>
    </ClInclude>
    <ClInclude Include="Graphics\RWStructuredBuffer.h">
      <Filter>Graphics\DXBuffer</Filter>
    </ClInclude>
    <ClInclude Include="Graphics\StructuredBuffer.h">
      <Filter>Graphics\DXBuffer</Filter>
    </ClInclude>
    <ClInclude Include="Graphics\VertexBuffer.h">
      <Filter>Graphics\DXBuffer</Filter>
    </ClInclude>
    <ClInclude Include="Graphics\GPUBuffer.h">
      <Filter>Graphics\DXBuffer</Filter>
    </ClInclude>
    <ClInclude Include="Graphics\ConstantBuffer.h">
      <Filter>Graphics\DXBuffer</Filter>
    </ClInclude>
    <ClInclude Include="Graphics\DescriptorHeap.h">
      <Filter>Graphics\RenderingPipeline</Filter>
    </ClInclude>
    <ClInclude Include="Graphics\DescriptorHeap_inline.h">
      <Filter>Graphics\RenderingPipeline</Filter>
    </ClInclude>
    <ClInclude Include="Graphics\PipelineState.h">
      <Filter>Graphics\RenderingPipeline</Filter>
    </ClInclude>
    <ClInclude Include="Graphics\RootSignature.h">
      <Filter>Graphics\RenderingPipeline</Filter>
    </ClInclude>
    <ClInclude Include="Graphics\IUnorderAccessResource.h">
      <Filter>Graphics\DXBuffer</Filter>
    </ClInclude>
    <ClInclude Include="Graphics\IShaderResource.h">
      <Filter>Graphics\DXBuffer</Filter>
    </ClInclude>
    <ClInclude Include="Graphics\Material.h">
      <Filter>Graphics\3D</Filter>
    </ClInclude>
    <ClInclude Include="Graphics\Effect\ParticleEffect.h">
      <Filter>Graphics\Effect</Filter>
    </ClInclude>
    <ClInclude Include="math\Random.h">
      <Filter>Math</Filter>
    </ClInclude>
    <ClInclude Include="math\PerlinNoise.h">
      <Filter>Math</Filter>
    </ClInclude>
    <ClInclude Include="Graphics\Effect\VolumetricEffect.h">
      <Filter>Graphics\Effect</Filter>
    </ClInclude>
    <ClInclude Include="Debug\DebugConsole.h">
      <Filter>Debug</Filter>
    </ClInclude>
    <ClInclude Include="Graphics\PostEffect\LightStreeks.h">
      <Filter>Graphics\PostEffect</Filter>
    </ClInclude>
  </ItemGroup>
  <ItemGroup>
    <ClCompile Include="UsualEngine.cpp" />
    <ClCompile Include="Graphics\RenderTarget.cpp">
      <Filter>Graphics</Filter>
    </ClCompile>
    <ClCompile Include="Graphics\Shader.cpp">
      <Filter>Graphics</Filter>
    </ClCompile>
    <ClCompile Include="Graphics\Camera.cpp">
      <Filter>Graphics</Filter>
    </ClCompile>
    <ClCompile Include="Graphics\GraphicsEngine.cpp">
      <Filter>Graphics</Filter>
    </ClCompile>
    <ClCompile Include="Graphics\Skeleton.cpp">
      <Filter>Graphics\3D</Filter>
    </ClCompile>
    <ClCompile Include="Graphics\Model.cpp">
      <Filter>Graphics\3D</Filter>
    </ClCompile>
    <ClCompile Include="Graphics\MeshParts.cpp">
      <Filter>Graphics\3D</Filter>
    </ClCompile>
    <ClCompile Include="Graphics\Sprite.cpp">
      <Filter>Graphics\2D</Filter>
    </ClCompile>
    <ClCompile Include="system\system.cpp">
      <Filter>System</Filter>
    </ClCompile>
    <ClCompile Include="math\Math.cpp">
      <Filter>Math</Filter>
    </ClCompile>
    <ClCompile Include="math\Matrix.cpp">
      <Filter>Math</Filter>
    </ClCompile>
    <ClCompile Include="tkFile\TkaFile.cpp">
      <Filter>TKFile</Filter>
    </ClCompile>
    <ClCompile Include="tkFile\TkmFile.cpp">
      <Filter>TKFile</Filter>
    </ClCompile>
    <ClCompile Include="tkFile\TksFile.cpp">
      <Filter>TKFile</Filter>
    </ClCompile>
    <ClCompile Include="HID\GamePad.cpp">
      <Filter>HID</Filter>
    </ClCompile>
    <ClCompile Include="math\Vector.cpp">
      <Filter>Math</Filter>
    </ClCompile>
    <ClCompile Include="GameObject\GameObject.cpp">
      <Filter>GameObject</Filter>
    </ClCompile>
    <ClCompile Include="GameObject\GameObjectManager.cpp">
      <Filter>GameObject</Filter>
    </ClCompile>
    <ClCompile Include="Debug\DebugLog.cpp">
      <Filter>Debug</Filter>
    </ClCompile>
    <ClCompile Include="Debug\DebugSwitch.cpp">
      <Filter>Debug</Filter>
    </ClCompile>
    <ClCompile Include="Debug\Debug.cpp">
      <Filter>Debug</Filter>
    </ClCompile>
    <ClCompile Include="util\GameTime.cpp">
      <Filter>Util</Filter>
    </ClCompile>
    <ClCompile Include="Graphics\Font.cpp">
      <Filter>Graphics\2D</Filter>
    </ClCompile>
    <ClCompile Include="Graphics\AnimationClip.cpp">
      <Filter>Graphics\Animation</Filter>
    </ClCompile>
    <ClCompile Include="Graphics\AnimationPlayController.cpp">
      <Filter>Graphics\Animation</Filter>
    </ClCompile>
    <ClCompile Include="Graphics\Animation.cpp">
      <Filter>Graphics\Animation</Filter>
    </ClCompile>
    <ClCompile Include="Resource\IResource.cpp">
      <Filter>Resource</Filter>
    </ClCompile>
    <ClCompile Include="Debug\DebugPopup.cpp">
      <Filter>Debug</Filter>
    </ClCompile>
    <ClCompile Include="Graphics\Texture.cpp">
      <Filter>Graphics\2D</Filter>
    </ClCompile>
    <ClCompile Include="util\Stopwatch.cpp">
      <Filter>Util</Filter>
    </ClCompile>
    <ClCompile Include="Graphics\ModelRender.cpp">
      <Filter>Graphics\3D</Filter>
    </ClCompile>
    <ClCompile Include="Physics\PhysicsDebugDraw.cpp">
      <Filter>Physics</Filter>
    </ClCompile>
    <ClCompile Include="Physics\PhysicsStaticObject.cpp">
      <Filter>Physics</Filter>
    </ClCompile>
    <ClCompile Include="Physics\RigidBody.cpp">
      <Filter>Physics</Filter>
    </ClCompile>
    <ClCompile Include="Physics\SphereCollider.cpp">
      <Filter>Physics</Filter>
    </ClCompile>
    <ClCompile Include="Physics\BoxCollider.cpp">
      <Filter>Physics</Filter>
    </ClCompile>
    <ClCompile Include="Physics\CapsuleCollider.cpp">
      <Filter>Physics</Filter>
    </ClCompile>
    <ClCompile Include="Physics\MeshCollider.cpp">
      <Filter>Physics</Filter>
    </ClCompile>
    <ClCompile Include="Physics\Physics.cpp">
      <Filter>Physics</Filter>
    </ClCompile>
    <ClCompile Include="Graphics\Primitive.cpp">
      <Filter>Graphics</Filter>
    </ClCompile>
    <ClCompile Include="Character\CharacterController.cpp">
      <Filter>Character</Filter>
    </ClCompile>
    <ClCompile Include="Thread\ThreadObject.cpp">
      <Filter>Thread</Filter>
    </ClCompile>
    <ClCompile Include="Thread\Lock.cpp">
      <Filter>Thread</Filter>
    </ClCompile>
    <ClCompile Include="Thread\ThreadManager.cpp">
      <Filter>Thread</Filter>
    </ClCompile>
    <ClCompile Include="Thread\ConstMutex.cpp">
      <Filter>Thread</Filter>
    </ClCompile>
    <ClCompile Include="tkFile\TkFileManager.cpp">
      <Filter>TKFile</Filter>
    </ClCompile>
    <ClCompile Include="Graphics\RaytracingEngine.cpp">
      <Filter>Graphics\_Raytracing</Filter>
    </ClCompile>
    <ClCompile Include="Graphics\RaytracingInstance.cpp">
      <Filter>Graphics\_Raytracing</Filter>
    </ClCompile>
    <ClCompile Include="Graphics\RaytracingHelper.cpp">
      <Filter>Graphics\_Raytracing</Filter>
    </ClCompile>
    <ClCompile Include="Graphics\TextureManager.cpp">
      <Filter>Graphics\2D</Filter>
    </ClCompile>
    <ClCompile Include="level\Level.cpp">
      <Filter>Level</Filter>
    </ClCompile>
    <ClCompile Include="level\MapChip.cpp">
      <Filter>Level</Filter>
    </ClCompile>
    <ClCompile Include="Graphics\PostEffect\Bloom.cpp">
      <Filter>Graphics\PostEffect</Filter>
    </ClCompile>
    <ClCompile Include="Graphics\PostEffect\PostEffect.cpp">
      <Filter>Graphics\PostEffect</Filter>
    </ClCompile>
    <ClCompile Include="Graphics\TextureCopy.cpp">
      <Filter>Graphics\TextureEffect</Filter>
    </ClCompile>
    <ClCompile Include="Graphics\GaussBlur.cpp">
      <Filter>Graphics\TextureEffect</Filter>
    </ClCompile>
    <ClCompile Include="Graphics\Raytracing\RaytracingDescriptorHeaps.cpp">
      <Filter>Graphics\Raytracing</Filter>
    </ClCompile>
    <ClCompile Include="Graphics\Raytracing\RaytracingEngine.cpp">
      <Filter>Graphics\Raytracing</Filter>
    </ClCompile>
    <ClCompile Include="Graphics\Raytracing\RaytracingInstance.cpp">
      <Filter>Graphics\Raytracing</Filter>
    </ClCompile>
    <ClCompile Include="Graphics\Raytracing\RaytracingPSO.cpp">
      <Filter>Graphics\Raytracing</Filter>
    </ClCompile>
    <ClCompile Include="Graphics\Raytracing\RaytracingShaderTable.cpp">
      <Filter>Graphics\Raytracing</Filter>
    </ClCompile>
    <ClCompile Include="Graphics\Raytracing\RaytracingWorld.cpp">
      <Filter>Graphics\Raytracing</Filter>
    </ClCompile>
    <ClCompile Include="Graphics\Raytracing\TLASBuffer.cpp">
      <Filter>Graphics\Raytracing</Filter>
    </ClCompile>
    <ClCompile Include="Graphics\Raytracing\BLASBuffer.cpp">
      <Filter>Graphics\Raytracing</Filter>
    </ClCompile>
    <ClCompile Include="Graphics\SampleSampler.cpp">
      <Filter>Graphics\Sample</Filter>
    </ClCompile>
    <ClCompile Include="Graphics\Light\LightBase.cpp">
      <Filter>Graphics\Light</Filter>
    </ClCompile>
    <ClCompile Include="Graphics\Light\LightDirection.cpp">
      <Filter>Graphics\Light</Filter>
    </ClCompile>
    <ClCompile Include="Graphics\Light\LightManager.cpp">
      <Filter>Graphics\Light</Filter>
    </ClCompile>
    <ClCompile Include="Graphics\Light\LightPoint.cpp">
      <Filter>Graphics\Light</Filter>
    </ClCompile>
    <ClCompile Include="Graphics\Light\LightStruct.cpp">
      <Filter>Graphics\Light</Filter>
    </ClCompile>
    <ClCompile Include="Graphics\SpriteRender.cpp">
      <Filter>Graphics\2D</Filter>
    </ClCompile>
    <ClCompile Include="Graphics\CommonConstantBufferStruct.cpp">
      <Filter>Graphics</Filter>
    </ClCompile>
    <ClCompile Include="Graphics\PreRender\PreRender.cpp">
      <Filter>Graphics\PreRender</Filter>
    </ClCompile>
    <ClCompile Include="Graphics\PreRender\GBuffer.cpp">
      <Filter>Graphics\PreRender</Filter>
    </ClCompile>
    <ClCompile Include="Graphics\IndexBuffer.cpp">
      <Filter>Graphics\DXBuffer</Filter>
    </ClCompile>
    <ClCompile Include="Graphics\RWStructuredBuffer.cpp">
      <Filter>Graphics\DXBuffer</Filter>
    </ClCompile>
    <ClCompile Include="Graphics\StructuredBuffer.cpp">
      <Filter>Graphics\DXBuffer</Filter>
    </ClCompile>
    <ClCompile Include="Graphics\VertexBuffer.cpp">
      <Filter>Graphics\DXBuffer</Filter>
    </ClCompile>
    <ClCompile Include="Graphics\GPUBuffer.cpp">
      <Filter>Graphics\DXBuffer</Filter>
    </ClCompile>
    <ClCompile Include="Graphics\ConstantBuffer.cpp">
      <Filter>Graphics\DXBuffer</Filter>
    </ClCompile>
    <ClCompile Include="Graphics\DescriptorHeap.cpp">
      <Filter>Graphics\RenderingPipeline</Filter>
    </ClCompile>
    <ClCompile Include="Graphics\PipelineState.cpp">
      <Filter>Graphics\RenderingPipeline</Filter>
    </ClCompile>
    <ClCompile Include="Graphics\RootSignature.cpp">
      <Filter>Graphics\RenderingPipeline</Filter>
    </ClCompile>
    <ClCompile Include="Graphics\Material.cpp">
      <Filter>Graphics\3D</Filter>
    </ClCompile>
    <ClCompile Include="Graphics\Effect\ParticleEffect.cpp">
      <Filter>Graphics\Effect</Filter>
    </ClCompile>
    <ClCompile Include="math\Random.cpp">
      <Filter>Math</Filter>
    </ClCompile>
    <ClCompile Include="math\PerlinNoise.cpp">
      <Filter>Math</Filter>
    </ClCompile>
    <ClCompile Include="Graphics\Effect\VolumetricEffect.cpp">
      <Filter>Graphics\Effect</Filter>
    </ClCompile>
    <ClCompile Include="Debug\DebugConsole.cpp">
      <Filter>Debug</Filter>
    </ClCompile>
    <ClCompile Include="Graphics\PostEffect\LightStreeks.cpp">
      <Filter>Graphics\PostEffect</Filter>
    </ClCompile>
  </ItemGroup>
  <ItemGroup>
    <Filter Include="Graphics">
      <UniqueIdentifier>{09bf8695-dc2c-40ae-8c0b-4383069812b1}</UniqueIdentifier>
    </Filter>
    <Filter Include="Graphics\3D">
      <UniqueIdentifier>{258823d6-8f63-4498-9685-0f5cc750d004}</UniqueIdentifier>
    </Filter>
    <Filter Include="Graphics\2D">
      <UniqueIdentifier>{dc4b4ee4-6297-488b-948e-41427105fda7}</UniqueIdentifier>
    </Filter>
    <Filter Include="System">
      <UniqueIdentifier>{a32f45ba-22a0-4222-b454-d38dbe86c5fb}</UniqueIdentifier>
    </Filter>
    <Filter Include="Math">
      <UniqueIdentifier>{d9c34e91-abdf-46f9-b62c-b19c8d9cf192}</UniqueIdentifier>
    </Filter>
    <Filter Include="Util">
      <UniqueIdentifier>{b2c0e59c-ed8d-43a1-a458-8b7e307c85db}</UniqueIdentifier>
    </Filter>
    <Filter Include="TKFile">
      <UniqueIdentifier>{1cc32e10-dc2f-4307-ad15-14e94f7fceeb}</UniqueIdentifier>
    </Filter>
    <Filter Include="HID">
      <UniqueIdentifier>{52a67455-eb3a-4715-9ff1-c5a9c7f16aba}</UniqueIdentifier>
    </Filter>
    <Filter Include="GameObject">
      <UniqueIdentifier>{62e44687-e3a6-425f-8c8c-8657808b1e54}</UniqueIdentifier>
    </Filter>
    <Filter Include="Debug">
      <UniqueIdentifier>{fa3988c7-3412-4ffc-aa80-217e33b3ddf8}</UniqueIdentifier>
    </Filter>
    <Filter Include="Graphics\Animation">
      <UniqueIdentifier>{93b527c0-02e8-409d-acb6-0e8d4be950ab}</UniqueIdentifier>
    </Filter>
    <Filter Include="Resource">
      <UniqueIdentifier>{d2342c2f-a1ae-416c-a955-ac0ef1398d8f}</UniqueIdentifier>
    </Filter>
    <Filter Include="DLL">
      <UniqueIdentifier>{904ff22b-df7f-4e7d-ab4a-35e19f0793e4}</UniqueIdentifier>
    </Filter>
    <Filter Include="Physics">
      <UniqueIdentifier>{e55d18c9-e713-4371-96d1-859f4490e7a1}</UniqueIdentifier>
    </Filter>
    <Filter Include="Character">
      <UniqueIdentifier>{44c99fd7-e653-43aa-8759-f28eda8a05b2}</UniqueIdentifier>
    </Filter>
    <Filter Include="Thread">
      <UniqueIdentifier>{e7b7b6de-7408-410b-bca9-657a28fff3e0}</UniqueIdentifier>
    </Filter>
    <Filter Include="Level">
      <UniqueIdentifier>{94e28a51-9d7a-4b38-b6e6-049d3a72652c}</UniqueIdentifier>
    </Filter>
    <Filter Include="Graphics\PostEffect">
      <UniqueIdentifier>{868e3e07-e94c-4f6d-bd01-d845519fd7c2}</UniqueIdentifier>
    </Filter>
    <Filter Include="Graphics\TextureEffect">
      <UniqueIdentifier>{9ee6ac11-e8dd-4a02-9320-471be517ae44}</UniqueIdentifier>
    </Filter>
    <Filter Include="Graphics\_Raytracing">
      <UniqueIdentifier>{4880cfae-f556-4c50-a939-c6726168234e}</UniqueIdentifier>
    </Filter>
    <Filter Include="Graphics\Raytracing">
      <UniqueIdentifier>{88bd0b26-d118-4ded-a6e4-c0d870c2e3d7}</UniqueIdentifier>
    </Filter>
    <Filter Include="Graphics\Sample">
      <UniqueIdentifier>{00978af9-1239-4667-a840-23d2a49b71bd}</UniqueIdentifier>
    </Filter>
    <Filter Include="Graphics\Light">
      <UniqueIdentifier>{04235917-2e66-4557-a4b0-52f8520adb22}</UniqueIdentifier>
    </Filter>
    <Filter Include="Graphics\PreRender">
      <UniqueIdentifier>{58935a61-81b4-4720-86a6-bd7c6a2e7dcd}</UniqueIdentifier>
    </Filter>
    <Filter Include="Graphics\DXBuffer">
      <UniqueIdentifier>{61419893-b158-45b7-87c4-a67a0d26c7a0}</UniqueIdentifier>
    </Filter>
    <Filter Include="Graphics\RenderingPipeline">
      <UniqueIdentifier>{23d9e3ba-d98d-4f60-8090-ad73c03d884c}</UniqueIdentifier>
    </Filter>
    <Filter Include="Graphics\Effect">
      <UniqueIdentifier>{472f3818-ab56-4b19-93bd-e5843d9da79e}</UniqueIdentifier>
    </Filter>
  </ItemGroup>
  <ItemGroup>
    <CopyFileToFolders Include="dxcompiler.dll">
      <Filter>DLL</Filter>
    </CopyFileToFolders>
    <CopyFileToFolders Include="dxil.dll">
      <Filter>DLL</Filter>
    </CopyFileToFolders>
  </ItemGroup>
</Project>