<?xml version="1.0" encoding="utf-8"?>
<Project ToolsVersion="4.0" xmlns="http://schemas.microsoft.com/developer/msbuild/2003">
  <ItemGroup>
    <ClInclude Include="PreCompile.h" />
    <ClInclude Include="UsualEngine.h" />
    <ClInclude Include="d3dx12.h" />
    <ClInclude Include="Graphics\RenderContext_inline.h">
      <Filter>Graphics</Filter>
    </ClInclude>
    <ClInclude Include="Graphics\RenderTarget.h">
      <Filter>Graphics</Filter>
    </ClInclude>
    <ClInclude Include="Graphics\RootSignature.h">
      <Filter>Graphics</Filter>
    </ClInclude>
    <ClInclude Include="Graphics\RWStructuredBuffer.h">
      <Filter>Graphics</Filter>
    </ClInclude>
    <ClInclude Include="Graphics\Shader.h">
      <Filter>Graphics</Filter>
    </ClInclude>
    <ClInclude Include="Graphics\StructuredBuffer.h">
      <Filter>Graphics</Filter>
    </ClInclude>
    <ClInclude Include="Graphics\Texture.h">
      <Filter>Graphics</Filter>
    </ClInclude>
    <ClInclude Include="Graphics\VertexBuffer.h">
      <Filter>Graphics</Filter>
    </ClInclude>
    <ClInclude Include="Graphics\Camera.h">
      <Filter>Graphics</Filter>
    </ClInclude>
    <ClInclude Include="Graphics\ConstantBuffer.h">
      <Filter>Graphics</Filter>
    </ClInclude>
    <ClInclude Include="Graphics\DescriptorHeap.h">
      <Filter>Graphics</Filter>
    </ClInclude>
    <ClInclude Include="Graphics\DescriptorHeap_inline.h">
      <Filter>Graphics</Filter>
    </ClInclude>
    <ClInclude Include="Graphics\GraphicsEngine.h">
      <Filter>Graphics</Filter>
    </ClInclude>
    <ClInclude Include="Graphics\IndexBuffer.h">
      <Filter>Graphics</Filter>
    </ClInclude>
    <ClInclude Include="Graphics\IShaderResource.h">
      <Filter>Graphics</Filter>
    </ClInclude>
    <ClInclude Include="Graphics\IUnorderAccessResource.h">
      <Filter>Graphics</Filter>
    </ClInclude>
    <ClInclude Include="Graphics\Material.h">
      <Filter>Graphics</Filter>
    </ClInclude>
    <ClInclude Include="Graphics\PipelineState.h">
      <Filter>Graphics</Filter>
    </ClInclude>
    <ClInclude Include="Graphics\RaytracingEngine.h">
      <Filter>Graphics</Filter>
    </ClInclude>
    <ClInclude Include="Graphics\RenderContext.h">
      <Filter>Graphics</Filter>
    </ClInclude>
    <ClInclude Include="Graphics\Skeleton.h">
      <Filter>Graphics\3D</Filter>
    </ClInclude>
    <ClInclude Include="Graphics\Model.h">
      <Filter>Graphics\3D</Filter>
    </ClInclude>
    <ClInclude Include="Graphics\MeshParts.h">
      <Filter>Graphics\3D</Filter>
    </ClInclude>
    <ClInclude Include="Graphics\Sprite.h">
      <Filter>Graphics\2D</Filter>
    </ClInclude>
    <ClInclude Include="system\system.h">
      <Filter>System</Filter>
    </ClInclude>
    <ClInclude Include="math\Math.h">
      <Filter>Math</Filter>
    </ClInclude>
    <ClInclude Include="math\Matrix.h">
      <Filter>Math</Filter>
    </ClInclude>
    <ClInclude Include="tkFile\TkaFile.h">
      <Filter>TKFile</Filter>
    </ClInclude>
    <ClInclude Include="tkFile\TkmFile.h">
      <Filter>TKFile</Filter>
    </ClInclude>
    <ClInclude Include="tkFile\TksFile.h">
      <Filter>TKFile</Filter>
    </ClInclude>
    <ClInclude Include="HID\GamePad.h">
      <Filter>HID</Filter>
    </ClInclude>
    <ClInclude Include="util\Stopwatch.h">
      <Filter>Util</Filter>
    </ClInclude>
    <ClInclude Include="math\Vector.h">
      <Filter>Math</Filter>
    </ClInclude>
    <ClInclude Include="GameObject\GameObjectManager.h">
      <Filter>GameObject</Filter>
    </ClInclude>
    <ClInclude Include="GameObject\GameObject.h">
      <Filter>GameObject</Filter>
    </ClInclude>
    <ClInclude Include="util\Util.h">
      <Filter>Util</Filter>
    </ClInclude>
  </ItemGroup>
  <ItemGroup>
    <ClCompile Include="UsualEngine.cpp" />
    <ClCompile Include="Graphics\RenderTarget.cpp">
      <Filter>Graphics</Filter>
    </ClCompile>
    <ClCompile Include="Graphics\RootSignature.cpp">
      <Filter>Graphics</Filter>
    </ClCompile>
    <ClCompile Include="Graphics\RWStructuredBuffer.cpp">
      <Filter>Graphics</Filter>
    </ClCompile>
    <ClCompile Include="Graphics\Shader.cpp">
      <Filter>Graphics</Filter>
    </ClCompile>
    <ClCompile Include="Graphics\StructuredBuffer.cpp">
      <Filter>Graphics</Filter>
    </ClCompile>
    <ClCompile Include="Graphics\Texture.cpp">
      <Filter>Graphics</Filter>
    </ClCompile>
    <ClCompile Include="Graphics\VertexBuffer.cpp">
      <Filter>Graphics</Filter>
    </ClCompile>
    <ClCompile Include="Graphics\Camera.cpp">
      <Filter>Graphics</Filter>
    </ClCompile>
    <ClCompile Include="Graphics\ConstantBuffer.cpp">
      <Filter>Graphics</Filter>
    </ClCompile>
    <ClCompile Include="Graphics\DescriptorHeap.cpp">
      <Filter>Graphics</Filter>
    </ClCompile>
    <ClCompile Include="Graphics\GraphicsEngine.cpp">
      <Filter>Graphics</Filter>
    </ClCompile>
    <ClCompile Include="Graphics\IndexBuffer.cpp">
      <Filter>Graphics</Filter>
    </ClCompile>
    <ClCompile Include="Graphics\Material.cpp">
      <Filter>Graphics</Filter>
    </ClCompile>
    <ClCompile Include="Graphics\PipelineState.cpp">
      <Filter>Graphics</Filter>
    </ClCompile>
    <ClCompile Include="Graphics\RaytracingEngine.cpp">
      <Filter>Graphics</Filter>
    </ClCompile>
    <ClCompile Include="Graphics\Skeleton.cpp">
      <Filter>Graphics\3D</Filter>
    </ClCompile>
    <ClCompile Include="Graphics\Model.cpp">
      <Filter>Graphics\3D</Filter>
    </ClCompile>
    <ClCompile Include="Graphics\MeshParts.cpp">
      <Filter>Graphics\3D</Filter>
    </ClCompile>
    <ClCompile Include="Graphics\Sprite.cpp">
      <Filter>Graphics\2D</Filter>
    </ClCompile>
    <ClCompile Include="system\system.cpp">
      <Filter>System</Filter>
    </ClCompile>
    <ClCompile Include="math\Math.cpp">
      <Filter>Math</Filter>
    </ClCompile>
    <ClCompile Include="math\Matrix.cpp">
      <Filter>Math</Filter>
    </ClCompile>
    <ClCompile Include="tkFile\TkaFile.cpp">
      <Filter>TKFile</Filter>
    </ClCompile>
    <ClCompile Include="tkFile\TkmFile.cpp">
      <Filter>TKFile</Filter>
    </ClCompile>
    <ClCompile Include="tkFile\TksFile.cpp">
      <Filter>TKFile</Filter>
    </ClCompile>
    <ClCompile Include="HID\GamePad.cpp">
      <Filter>HID</Filter>
    </ClCompile>
    <ClCompile Include="math\Vector.cpp">
      <Filter>Math</Filter>
    </ClCompile>
    <ClCompile Include="GameObject\GameObject.cpp">
      <Filter>GameObject</Filter>
    </ClCompile>
    <ClCompile Include="GameObject\GameObjectManager.cpp">
      <Filter>GameObject</Filter>
    </ClCompile>
  </ItemGroup>
  <ItemGroup>
    <Filter Include="Graphics">
      <UniqueIdentifier>{09bf8695-dc2c-40ae-8c0b-4383069812b1}</UniqueIdentifier>
    </Filter>
    <Filter Include="Graphics\3D">
      <UniqueIdentifier>{258823d6-8f63-4498-9685-0f5cc750d004}</UniqueIdentifier>
    </Filter>
    <Filter Include="Graphics\2D">
      <UniqueIdentifier>{dc4b4ee4-6297-488b-948e-41427105fda7}</UniqueIdentifier>
    </Filter>
    <Filter Include="System">
      <UniqueIdentifier>{a32f45ba-22a0-4222-b454-d38dbe86c5fb}</UniqueIdentifier>
    </Filter>
    <Filter Include="Math">
      <UniqueIdentifier>{d9c34e91-abdf-46f9-b62c-b19c8d9cf192}</UniqueIdentifier>
    </Filter>
    <Filter Include="Util">
      <UniqueIdentifier>{b2c0e59c-ed8d-43a1-a458-8b7e307c85db}</UniqueIdentifier>
    </Filter>
    <Filter Include="TKFile">
      <UniqueIdentifier>{1cc32e10-dc2f-4307-ad15-14e94f7fceeb}</UniqueIdentifier>
    </Filter>
    <Filter Include="HID">
      <UniqueIdentifier>{52a67455-eb3a-4715-9ff1-c5a9c7f16aba}</UniqueIdentifier>
    </Filter>
    <Filter Include="GameObject">
      <UniqueIdentifier>{62e44687-e3a6-425f-8c8c-8657808b1e54}</UniqueIdentifier>
    </Filter>
  </ItemGroup>
</Project>